// !$*UTF8*$!
{
	archiveVersion = 1;
	classes = {
	};
	objectVersion = 48;
	objects = {

/* Begin PBXBuildFile section */
		A66EBE071FE2760200BC2321 /* AppDelegate.swift in Sources */ = {isa = PBXBuildFile; fileRef = A66EBE061FE2760200BC2321 /* AppDelegate.swift */; };
		A66EBE091FE2760200BC2321 /* ViewController.swift in Sources */ = {isa = PBXBuildFile; fileRef = A66EBE081FE2760200BC2321 /* ViewController.swift */; };
		A66EBE0C1FE2760200BC2321 /* Main.storyboard in Resources */ = {isa = PBXBuildFile; fileRef = A66EBE0A1FE2760200BC2321 /* Main.storyboard */; };
		A66EBE0E1FE2760200BC2321 /* Assets.xcassets in Resources */ = {isa = PBXBuildFile; fileRef = A66EBE0D1FE2760200BC2321 /* Assets.xcassets */; };
		A66EBE111FE2760200BC2321 /* LaunchScreen.storyboard in Resources */ = {isa = PBXBuildFile; fileRef = A66EBE0F1FE2760200BC2321 /* LaunchScreen.storyboard */; };
/* End PBXBuildFile section */

/* Begin PBXFileReference section */
		A66EBE031FE2760200BC2321 /* SwiftDemo12.app */ = {isa = PBXFileReference; explicitFileType = wrapper.application; includeInIndex = 0; path = SwiftDemo12.app; sourceTree = BUILT_PRODUCTS_DIR; };
		A66EBE061FE2760200BC2321 /* AppDelegate.swift */ = {isa = PBXFileReference; lastKnownFileType = sourcecode.swift; path = AppDelegate.swift; sourceTree = "<group>"; };
		A66EBE081FE2760200BC2321 /* ViewController.swift */ = {isa = PBXFileReference; lastKnownFileType = sourcecode.swift; path = ViewController.swift; sourceTree = "<group>"; };
		A66EBE0B1FE2760200BC2321 /* Base */ = {isa = PBXFileReference; lastKnownFileType = file.storyboard; name = Base; path = Base.lproj/Main.storyboard; sourceTree = "<group>"; };
		A66EBE0D1FE2760200BC2321 /* Assets.xcassets */ = {isa = PBXFileReference; lastKnownFileType = folder.assetcatalog; path = Assets.xcassets; sourceTree = "<group>"; };
		A66EBE101FE2760200BC2321 /* Base */ = {isa = PBXFileReference; lastKnownFileType = file.storyboard; name = Base; path = Base.lproj/LaunchScreen.storyboard; sourceTree = "<group>"; };
		A66EBE121FE2760200BC2321 /* Info.plist */ = {isa = PBXFileReference; lastKnownFileType = text.plist.xml; path = Info.plist; sourceTree = "<group>"; };
/* End PBXFileReference section */

/* Begin PBXFrameworksBuildPhase section */
		A66EBE001FE2760200BC2321 /* Frameworks */ = {
			isa = PBXFrameworksBuildPhase;
			buildActionMask = 2147483647;
			files = (
			);
			runOnlyForDeploymentPostprocessing = 0;
		};
/* End PBXFrameworksBuildPhase section */

/* Begin PBXGroup section */
		A66EBDFA1FE2760200BC2321 = {
			isa = PBXGroup;
			children = (
				A66EBE051FE2760200BC2321 /* SwiftDemo12 */,
				A66EBE041FE2760200BC2321 /* Products */,
			);
			sourceTree = "<group>";
		};
		A66EBE041FE2760200BC2321 /* Products */ = {
			isa = PBXGroup;
			children = (
				A66EBE031FE2760200BC2321 /* SwiftDemo12.app */,
			);
			name = Products;
			sourceTree = "<group>";
		};
		A66EBE051FE2760200BC2321 /* SwiftDemo12 */ = {
			isa = PBXGroup;
			children = (
				A66EBE061FE2760200BC2321 /* AppDelegate.swift */,
				A66EBE081FE2760200BC2321 /* ViewController.swift */,
				A66EBE0A1FE2760200BC2321 /* Main.storyboard */,
				A66EBE0D1FE2760200BC2321 /* Assets.xcassets */,
				A66EBE0F1FE2760200BC2321 /* LaunchScreen.storyboard */,
				A66EBE121FE2760200BC2321 /* Info.plist */,
			);
			path = SwiftDemo12;
			sourceTree = "<group>";
		};
/* End PBXGroup section */

/* Begin PBXNativeTarget section */
		A66EBE021FE2760200BC2321 /* SwiftDemo12 */ = {
			isa = PBXNativeTarget;
			buildConfigurationList = A66EBE151FE2760200BC2321 /* Build configuration list for PBXNativeTarget "SwiftDemo12" */;
			buildPhases = (
				A66EBDFF1FE2760200BC2321 /* Sources */,
				A66EBE001FE2760200BC2321 /* Frameworks */,
				A66EBE011FE2760200BC2321 /* Resources */,
			);
			buildRules = (
			);
			dependencies = (
			);
			name = SwiftDemo12;
			productName = SwiftDemo12;
			productReference = A66EBE031FE2760200BC2321 /* SwiftDemo12.app */;
			productType = "com.apple.product-type.application";
		};
/* End PBXNativeTarget section */

/* Begin PBXProject section */
		A66EBDFB1FE2760200BC2321 /* Project object */ = {
			isa = PBXProject;
			attributes = {
				LastSwiftUpdateCheck = 0920;
				LastUpgradeCheck = 0920;
				ORGANIZATIONNAME = viewhigh;
				TargetAttributes = {
					A66EBE021FE2760200BC2321 = {
						CreatedOnToolsVersion = 9.2;
						ProvisioningStyle = Automatic;
					};
				};
			};
			buildConfigurationList = A66EBDFE1FE2760200BC2321 /* Build configuration list for PBXProject "SwiftDemo12" */;
			compatibilityVersion = "Xcode 8.0";
			developmentRegion = en;
			hasScannedForEncodings = 0;
			knownRegions = (
				en,
				Base,
			);
			mainGroup = A66EBDFA1FE2760200BC2321;
			productRefGroup = A66EBE041FE2760200BC2321 /* Products */;
			projectDirPath = "";
			projectRoot = "";
			targets = (
				A66EBE021FE2760200BC2321 /* SwiftDemo12 */,
			);
		};
/* End PBXProject section */

/* Begin PBXResourcesBuildPhase section */
		A66EBE011FE2760200BC2321 /* Resources */ = {
			isa = PBXResourcesBuildPhase;
			buildActionMask = 2147483647;
			files = (
				A66EBE111FE2760200BC2321 /* LaunchScreen.storyboard in Resources */,
				A66EBE0E1FE2760200BC2321 /* Assets.xcassets in Resources */,
				A66EBE0C1FE2760200BC2321 /* Main.storyboard in Resources */,
			);
			runOnlyForDeploymentPostprocessing = 0;
		};
/* End PBXResourcesBuildPhase section */

/* Begin PBXSourcesBuildPhase section */
		A66EBDFF1FE2760200BC2321 /* Sources */ = {
			isa = PBXSourcesBuildPhase;
			buildActionMask = 2147483647;
			files = (
				A66EBE091FE2760200BC2321 /* ViewController.swift in Sources */,
				A66EBE071FE2760200BC2321 /* AppDelegate.swift in Sources */,
			);
			runOnlyForDeploymentPostprocessing = 0;
		};
/* End PBXSourcesBuildPhase section */

/* Begin PBXVariantGroup section */
		A66EBE0A1FE2760200BC2321 /* Main.storyboard */ = {
			isa = PBXVariantGroup;
			children = (
				A66EBE0B1FE2760200BC2321 /* Base */,
			);
			name = Main.storyboard;
			sourceTree = "<group>";
		};
		A66EBE0F1FE2760200BC2321 /* LaunchScreen.storyboard */ = {
			isa = PBXVariantGroup;
			children = (
				A66EBE101FE2760200BC2321 /* Base */,
			);
			name = LaunchScreen.storyboard;
			sourceTree = "<group>";
		};
/* End PBXVariantGroup section */

/* Begin XCBuildConfiguration section */
		A66EBE131FE2760200BC2321 /* Debug */ = {
			isa = XCBuildConfiguration;
			buildSettings = {
				ALWAYS_SEARCH_USER_PATHS = NO;
				CLANG_ANALYZER_NONNULL = YES;
				CLANG_ANALYZER_NUMBER_OBJECT_CONVERSION = YES_AGGRESSIVE;
				CLANG_CXX_LANGUAGE_STANDARD = "gnu++14";
				CLANG_CXX_LIBRARY = "libc++";
				CLANG_ENABLE_MODULES = YES;
				CLANG_ENABLE_OBJC_ARC = YES;
				CLANG_WARN_BLOCK_CAPTURE_AUTORELEASING = YES;
				CLANG_WARN_BOOL_CONVERSION = YES;
				CLANG_WARN_COMMA = YES;
				CLANG_WARN_CONSTANT_CONVERSION = YES;
				CLANG_WARN_DIRECT_OBJC_ISA_USAGE = YES_ERROR;
				CLANG_WARN_DOCUMENTATION_COMMENTS = YES;
				CLANG_WARN_EMPTY_BODY = YES;
				CLANG_WARN_ENUM_CONVERSION = YES;
				CLANG_WARN_INFINITE_RECURSION = YES;
				CLANG_WARN_INT_CONVERSION = YES;
				CLANG_WARN_NON_LITERAL_NULL_CONVERSION = YES;
				CLANG_WARN_OBJC_LITERAL_CONVERSION = YES;
				CLANG_WARN_OBJC_ROOT_CLASS = YES_ERROR;
				CLANG_WARN_RANGE_LOOP_ANALYSIS = YES;
				CLANG_WARN_STRICT_PROTOTYPES = YES;
				CLANG_WARN_SUSPICIOUS_MOVE = YES;
				CLANG_WARN_UNGUARDED_AVAILABILITY = YES_AGGRESSIVE;
				CLANG_WARN_UNREACHABLE_CODE = YES;
				CLANG_WARN__DUPLICATE_METHOD_MATCH = YES;
				CODE_SIGN_IDENTITY = "iPhone Developer";
				COPY_PHASE_STRIP = NO;
				DEBUG_INFORMATION_FORMAT = dwarf;
				ENABLE_STRICT_OBJC_MSGSEND = YES;
				ENABLE_TESTABILITY = YES;
				GCC_C_LANGUAGE_STANDARD = gnu11;
				GCC_DYNAMIC_NO_PIC = NO;
				GCC_NO_COMMON_BLOCKS = YES;
				GCC_OPTIMIZATION_LEVEL = 0;
				GCC_PREPROCESSOR_DEFINITIONS = (
					"DEBUG=1",
					"$(inherited)",
				);
				GCC_WARN_64_TO_32_BIT_CONVERSION = YES;
				GCC_WARN_ABOUT_RETURN_TYPE = YES_ERROR;
				GCC_WARN_UNDECLARED_SELECTOR = YES;
				GCC_WARN_UNINITIALIZED_AUTOS = YES_AGGRESSIVE;
				GCC_WARN_UNUSED_FUNCTION = YES;
				GCC_WARN_UNUSED_VARIABLE = YES;
				IPHONEOS_DEPLOYMENT_TARGET = 11.2;
				MTL_ENABLE_DEBUG_INFO = YES;
				ONLY_ACTIVE_ARCH = YES;
				SDKROOT = iphoneos;
				SWIFT_ACTIVE_COMPILATION_CONDITIONS = DEBUG;
				SWIFT_OPTIMIZATION_LEVEL = "-Onone";
			};
			name = Debug;
		};
		A66EBE141FE2760200BC2321 /* Release */ = {
			isa = XCBuildConfiguration;
			buildSettings = {
				ALWAYS_SEARCH_USER_PATHS = NO;
				CLANG_ANALYZER_NONNULL = YES;
				CLANG_ANALYZER_NUMBER_OBJECT_CONVERSION = YES_AGGRESSIVE;
				CLANG_CXX_LANGUAGE_STANDARD = "gnu++14";
				CLANG_CXX_LIBRARY = "libc++";
				CLANG_ENABLE_MODULES = YES;
				CLANG_ENABLE_OBJC_ARC = YES;
				CLANG_WARN_BLOCK_CAPTURE_AUTORELEASING = YES;
				CLANG_WARN_BOOL_CONVERSION = YES;
				CLANG_WARN_COMMA = YES;
				CLANG_WARN_CONSTANT_CONVERSION = YES;
				CLANG_WARN_DIRECT_OBJC_ISA_USAGE = YES_ERROR;
				CLANG_WARN_DOCUMENTATION_COMMENTS = YES;
				CLANG_WARN_EMPTY_BODY = YES;
				CLANG_WARN_ENUM_CONVERSION = YES;
				CLANG_WARN_INFINITE_RECURSION = YES;
				CLANG_WARN_INT_CONVERSION = YES;
				CLANG_WARN_NON_LITERAL_NULL_CONVERSION = YES;
				CLANG_WARN_OBJC_LITERAL_CONVERSION = YES;
				CLANG_WARN_OBJC_ROOT_CLASS = YES_ERROR;
				CLANG_WARN_RANGE_LOOP_ANALYSIS = YES;
				CLANG_WARN_STRICT_PROTOTYPES = YES;
				CLANG_WARN_SUSPICIOUS_MOVE = YES;
				CLANG_WARN_UNGUARDED_AVAILABILITY = YES_AGGRESSIVE;
				CLANG_WARN_UNREACHABLE_CODE = YES;
				CLANG_WARN__DUPLICATE_METHOD_MATCH = YES;
				CODE_SIGN_IDENTITY = "iPhone Developer";
				COPY_PHASE_STRIP = NO;
				DEBUG_INFORMATION_FORMAT = "dwarf-with-dsym";
				ENABLE_NS_ASSERTIONS = NO;
				ENABLE_STRICT_OBJC_MSGSEND = YES;
				GCC_C_LANGUAGE_STANDARD = gnu11;
				GCC_NO_COMMON_BLOCKS = YES;
				GCC_WARN_64_TO_32_BIT_CONVERSION = YES;
				GCC_WARN_ABOUT_RETURN_TYPE = YES_ERROR;
				GCC_WARN_UNDECLARED_SELECTOR = YES;
				GCC_WARN_UNINITIALIZED_AUTOS = YES_AGGRESSIVE;
				GCC_WARN_UNUSED_FUNCTION = YES;
				GCC_WARN_UNUSED_VARIABLE = YES;
				IPHONEOS_DEPLOYMENT_TARGET = 11.2;
				MTL_ENABLE_DEBUG_INFO = NO;
				SDKROOT = iphoneos;
				SWIFT_OPTIMIZATION_LEVEL = "-Owholemodule";
				VALIDATE_PRODUCT = YES;
			};
			name = Release;
		};
		A66EBE161FE2760200BC2321 /* Debug */ = {
			isa = XCBuildConfiguration;
			buildSettings = {
				ASSETCATALOG_COMPILER_APPICON_NAME = AppIcon;
				CODE_SIGN_STYLE = Automatic;
				DEVELOPMENT_TEAM = AB8R9MWWNQ;
				INFOPLIST_FILE = SwiftDemo12/Info.plist;
				LD_RUNPATH_SEARCH_PATHS = "$(inherited) @executable_path/Frameworks";
				PRODUCT_BUNDLE_IDENTIFIER = com.viewhigh.SwiftDemo12;
				PRODUCT_NAME = "$(TARGET_NAME)";
				SWIFT_VERSION = 4.0;
				TARGETED_DEVICE_FAMILY = "1,2";
			};
			name = Debug;
		};
		A66EBE171FE2760200BC2321 /* Release */ = {
			isa = XCBuildConfiguration;
			buildSettings = {
				ASSETCATALOG_COMPILER_APPICON_NAME = AppIcon;
				CODE_SIGN_STYLE = Automatic;
				DEVELOPMENT_TEAM = AB8R9MWWNQ;
				INFOPLIST_FILE = SwiftDemo12/Info.plist;
				LD_RUNPATH_SEARCH_PATHS = "$(inherited) @executable_path/Frameworks";
				PRODUCT_BUNDLE_IDENTIFIER = com.viewhigh.SwiftDemo12;
				PRODUCT_NAME = "$(TARGET_NAME)";
				SWIFT_VERSION = 4.0;
				TARGETED_DEVICE_FAMILY = "1,2";
			};
			name = Release;
		};
/* End XCBuildConfiguration section */

/* Begin XCConfigurationList section */
		A66EBDFE1FE2760200BC2321 /* Build configuration list for PBXProject "SwiftDemo12" */ = {
			isa = XCConfigurationList;
			buildConfigurations = (
				A66EBE131FE2760200BC2321 /* Debug */,
				A66EBE141FE2760200BC2321 /* Release */,
			);
			defaultConfigurationIsVisible = 0;
			defaultConfigurationName = Release;
		};
		A66EBE151FE2760200BC2321 /* Build configuration list for PBXNativeTarget "SwiftDemo12" */ = {
			isa = XCConfigurationList;
			buildConfigurations = (
				A66EBE161FE2760200BC2321 /* Debug */,
				A66EBE171FE2760200BC2321 /* Release */,
			);
			defaultConfigurationIsVisible = 0;
			defaultConfigurationName = Release;
		};
/* End XCConfigurationList section */
	};
	rootObject = A66EBDFB1FE2760200BC2321 /* Project object */;
}
