// !$*UTF8*$!
{
	archiveVersion = 1;
	classes = {
	};
	objectVersion = 48;
	objects = {

/* Begin PBXBuildFile section */
		A6BFEC681FEA4453007F1414 /* AppDelegate.swift in Sources */ = {isa = PBXBuildFile; fileRef = A6BFEC671FEA4453007F1414 /* AppDelegate.swift */; };
		A6BFEC6A1FEA4453007F1414 /* ViewController.swift in Sources */ = {isa = PBXBuildFile; fileRef = A6BFEC691FEA4453007F1414 /* ViewController.swift */; };
		A6BFEC6D1FEA4453007F1414 /* Main.storyboard in Resources */ = {isa = PBXBuildFile; fileRef = A6BFEC6B1FEA4453007F1414 /* Main.storyboard */; };
		A6BFEC6F1FEA4453007F1414 /* Assets.xcassets in Resources */ = {isa = PBXBuildFile; fileRef = A6BFEC6E1FEA4453007F1414 /* Assets.xcassets */; };
		A6BFEC721FEA4453007F1414 /* LaunchScreen.storyboard in Resources */ = {isa = PBXBuildFile; fileRef = A6BFEC701FEA4453007F1414 /* LaunchScreen.storyboard */; };
		A6BFEC7A1FEA4EA7007F1414 /* fingerprint.png in Resources */ = {isa = PBXBuildFile; fileRef = A6BFEC791FEA4EA7007F1414 /* fingerprint.png */; };
/* End PBXBuildFile section */

/* Begin PBXFileReference section */
		A6BFEC641FEA4453007F1414 /* SwiftDemo16.app */ = {isa = PBXFileReference; explicitFileType = wrapper.application; includeInIndex = 0; path = SwiftDemo16.app; sourceTree = BUILT_PRODUCTS_DIR; };
		A6BFEC671FEA4453007F1414 /* AppDelegate.swift */ = {isa = PBXFileReference; lastKnownFileType = sourcecode.swift; path = AppDelegate.swift; sourceTree = "<group>"; };
		A6BFEC691FEA4453007F1414 /* ViewController.swift */ = {isa = PBXFileReference; lastKnownFileType = sourcecode.swift; path = ViewController.swift; sourceTree = "<group>"; };
		A6BFEC6C1FEA4453007F1414 /* Base */ = {isa = PBXFileReference; lastKnownFileType = file.storyboard; name = Base; path = Base.lproj/Main.storyboard; sourceTree = "<group>"; };
		A6BFEC6E1FEA4453007F1414 /* Assets.xcassets */ = {isa = PBXFileReference; lastKnownFileType = folder.assetcatalog; path = Assets.xcassets; sourceTree = "<group>"; };
		A6BFEC711FEA4453007F1414 /* Base */ = {isa = PBXFileReference; lastKnownFileType = file.storyboard; name = Base; path = Base.lproj/LaunchScreen.storyboard; sourceTree = "<group>"; };
		A6BFEC731FEA4453007F1414 /* Info.plist */ = {isa = PBXFileReference; lastKnownFileType = text.plist.xml; path = Info.plist; sourceTree = "<group>"; };
		A6BFEC791FEA4EA7007F1414 /* fingerprint.png */ = {isa = PBXFileReference; lastKnownFileType = image.png; path = fingerprint.png; sourceTree = "<group>"; };
/* End PBXFileReference section */

/* Begin PBXFrameworksBuildPhase section */
		A6BFEC611FEA4453007F1414 /* Frameworks */ = {
			isa = PBXFrameworksBuildPhase;
			buildActionMask = 2147483647;
			files = (
			);
			runOnlyForDeploymentPostprocessing = 0;
		};
/* End PBXFrameworksBuildPhase section */

/* Begin PBXGroup section */
		A6BFEC5B1FEA4453007F1414 = {
			isa = PBXGroup;
			children = (
				A6BFEC661FEA4453007F1414 /* SwiftDemo16 */,
				A6BFEC651FEA4453007F1414 /* Products */,
			);
			sourceTree = "<group>";
		};
		A6BFEC651FEA4453007F1414 /* Products */ = {
			isa = PBXGroup;
			children = (
				A6BFEC641FEA4453007F1414 /* SwiftDemo16.app */,
			);
			name = Products;
			sourceTree = "<group>";
		};
		A6BFEC661FEA4453007F1414 /* SwiftDemo16 */ = {
			isa = PBXGroup;
			children = (
				A6BFEC791FEA4EA7007F1414 /* fingerprint.png */,
				A6BFEC671FEA4453007F1414 /* AppDelegate.swift */,
				A6BFEC691FEA4453007F1414 /* ViewController.swift */,
				A6BFEC6B1FEA4453007F1414 /* Main.storyboard */,
				A6BFEC6E1FEA4453007F1414 /* Assets.xcassets */,
				A6BFEC701FEA4453007F1414 /* LaunchScreen.storyboard */,
				A6BFEC731FEA4453007F1414 /* Info.plist */,
			);
			path = SwiftDemo16;
			sourceTree = "<group>";
		};
/* End PBXGroup section */

/* Begin PBXNativeTarget section */
		A6BFEC631FEA4453007F1414 /* SwiftDemo16 */ = {
			isa = PBXNativeTarget;
			buildConfigurationList = A6BFEC761FEA4453007F1414 /* Build configuration list for PBXNativeTarget "SwiftDemo16" */;
			buildPhases = (
				A6BFEC601FEA4453007F1414 /* Sources */,
				A6BFEC611FEA4453007F1414 /* Frameworks */,
				A6BFEC621FEA4453007F1414 /* Resources */,
			);
			buildRules = (
			);
			dependencies = (
			);
			name = SwiftDemo16;
			productName = SwiftDemo16;
			productReference = A6BFEC641FEA4453007F1414 /* SwiftDemo16.app */;
			productType = "com.apple.product-type.application";
		};
/* End PBXNativeTarget section */

/* Begin PBXProject section */
		A6BFEC5C1FEA4453007F1414 /* Project object */ = {
			isa = PBXProject;
			attributes = {
				LastSwiftUpdateCheck = 0920;
				LastUpgradeCheck = 0920;
				ORGANIZATIONNAME = viewhigh;
				TargetAttributes = {
					A6BFEC631FEA4453007F1414 = {
						CreatedOnToolsVersion = 9.2;
						ProvisioningStyle = Automatic;
					};
				};
			};
			buildConfigurationList = A6BFEC5F1FEA4453007F1414 /* Build configuration list for PBXProject "SwiftDemo16" */;
			compatibilityVersion = "Xcode 8.0";
			developmentRegion = en;
			hasScannedForEncodings = 0;
			knownRegions = (
				en,
				Base,
			);
			mainGroup = A6BFEC5B1FEA4453007F1414;
			productRefGroup = A6BFEC651FEA4453007F1414 /* Products */;
			projectDirPath = "";
			projectRoot = "";
			targets = (
				A6BFEC631FEA4453007F1414 /* SwiftDemo16 */,
			);
		};
/* End PBXProject section */

/* Begin PBXResourcesBuildPhase section */
		A6BFEC621FEA4453007F1414 /* Resources */ = {
			isa = PBXResourcesBuildPhase;
			buildActionMask = 2147483647;
			files = (
				A6BFEC721FEA4453007F1414 /* LaunchScreen.storyboard in Resources */,
				A6BFEC6F1FEA4453007F1414 /* Assets.xcassets in Resources */,
				A6BFEC7A1FEA4EA7007F1414 /* fingerprint.png in Resources */,
				A6BFEC6D1FEA4453007F1414 /* Main.storyboard in Resources */,
			);
			runOnlyForDeploymentPostprocessing = 0;
		};
/* End PBXResourcesBuildPhase section */

/* Begin PBXSourcesBuildPhase section */
		A6BFEC601FEA4453007F1414 /* Sources */ = {
			isa = PBXSourcesBuildPhase;
			buildActionMask = 2147483647;
			files = (
				A6BFEC6A1FEA4453007F1414 /* ViewController.swift in Sources */,
				A6BFEC681FEA4453007F1414 /* AppDelegate.swift in Sources */,
			);
			runOnlyForDeploymentPostprocessing = 0;
		};
/* End PBXSourcesBuildPhase section */

/* Begin PBXVariantGroup section */
		A6BFEC6B1FEA4453007F1414 /* Main.storyboard */ = {
			isa = PBXVariantGroup;
			children = (
				A6BFEC6C1FEA4453007F1414 /* Base */,
			);
			name = Main.storyboard;
			sourceTree = "<group>";
		};
		A6BFEC701FEA4453007F1414 /* LaunchScreen.storyboard */ = {
			isa = PBXVariantGroup;
			children = (
				A6BFEC711FEA4453007F1414 /* Base */,
			);
			name = LaunchScreen.storyboard;
			sourceTree = "<group>";
		};
/* End PBXVariantGroup section */

/* Begin XCBuildConfiguration section */
		A6BFEC741FEA4453007F1414 /* Debug */ = {
			isa = XCBuildConfiguration;
			buildSettings = {
				ALWAYS_SEARCH_USER_PATHS = NO;
				CLANG_ANALYZER_NONNULL = YES;
				CLANG_ANALYZER_NUMBER_OBJECT_CONVERSION = YES_AGGRESSIVE;
				CLANG_CXX_LANGUAGE_STANDARD = "gnu++14";
				CLANG_CXX_LIBRARY = "libc++";
				CLANG_ENABLE_MODULES = YES;
				CLANG_ENABLE_OBJC_ARC = YES;
				CLANG_WARN_BLOCK_CAPTURE_AUTORELEASING = YES;
				CLANG_WARN_BOOL_CONVERSION = YES;
				CLANG_WARN_COMMA = YES;
				CLANG_WARN_CONSTANT_CONVERSION = YES;
				CLANG_WARN_DIRECT_OBJC_ISA_USAGE = YES_ERROR;
				CLANG_WARN_DOCUMENTATION_COMMENTS = YES;
				CLANG_WARN_EMPTY_BODY = YES;
				CLANG_WARN_ENUM_CONVERSION = YES;
				CLANG_WARN_INFINITE_RECURSION = YES;
				CLANG_WARN_INT_CONVERSION = YES;
				CLANG_WARN_NON_LITERAL_NULL_CONVERSION = YES;
				CLANG_WARN_OBJC_LITERAL_CONVERSION = YES;
				CLANG_WARN_OBJC_ROOT_CLASS = YES_ERROR;
				CLANG_WARN_RANGE_LOOP_ANALYSIS = YES;
				CLANG_WARN_STRICT_PROTOTYPES = YES;
				CLANG_WARN_SUSPICIOUS_MOVE = YES;
				CLANG_WARN_UNGUARDED_AVAILABILITY = YES_AGGRESSIVE;
				CLANG_WARN_UNREACHABLE_CODE = YES;
				CLANG_WARN__DUPLICATE_METHOD_MATCH = YES;
				CODE_SIGN_IDENTITY = "iPhone Developer";
				COPY_PHASE_STRIP = NO;
				DEBUG_INFORMATION_FORMAT = dwarf;
				ENABLE_STRICT_OBJC_MSGSEND = YES;
				ENABLE_TESTABILITY = YES;
				GCC_C_LANGUAGE_STANDARD = gnu11;
				GCC_DYNAMIC_NO_PIC = NO;
				GCC_NO_COMMON_BLOCKS = YES;
				GCC_OPTIMIZATION_LEVEL = 0;
				GCC_PREPROCESSOR_DEFINITIONS = (
					"DEBUG=1",
					"$(inherited)",
				);
				GCC_WARN_64_TO_32_BIT_CONVERSION = YES;
				GCC_WARN_ABOUT_RETURN_TYPE = YES_ERROR;
				GCC_WARN_UNDECLARED_SELECTOR = YES;
				GCC_WARN_UNINITIALIZED_AUTOS = YES_AGGRESSIVE;
				GCC_WARN_UNUSED_FUNCTION = YES;
				GCC_WARN_UNUSED_VARIABLE = YES;
				IPHONEOS_DEPLOYMENT_TARGET = 11.2;
				MTL_ENABLE_DEBUG_INFO = YES;
				ONLY_ACTIVE_ARCH = YES;
				SDKROOT = iphoneos;
				SWIFT_ACTIVE_COMPILATION_CONDITIONS = DEBUG;
				SWIFT_OPTIMIZATION_LEVEL = "-Onone";
			};
			name = Debug;
		};
		A6BFEC751FEA4453007F1414 /* Release */ = {
			isa = XCBuildConfiguration;
			buildSettings = {
				ALWAYS_SEARCH_USER_PATHS = NO;
				CLANG_ANALYZER_NONNULL = YES;
				CLANG_ANALYZER_NUMBER_OBJECT_CONVERSION = YES_AGGRESSIVE;
				CLANG_CXX_LANGUAGE_STANDARD = "gnu++14";
				CLANG_CXX_LIBRARY = "libc++";
				CLANG_ENABLE_MODULES = YES;
				CLANG_ENABLE_OBJC_ARC = YES;
				CLANG_WARN_BLOCK_CAPTURE_AUTORELEASING = YES;
				CLANG_WARN_BOOL_CONVERSION = YES;
				CLANG_WARN_COMMA = YES;
				CLANG_WARN_CONSTANT_CONVERSION = YES;
				CLANG_WARN_DIRECT_OBJC_ISA_USAGE = YES_ERROR;
				CLANG_WARN_DOCUMENTATION_COMMENTS = YES;
				CLANG_WARN_EMPTY_BODY = YES;
				CLANG_WARN_ENUM_CONVERSION = YES;
				CLANG_WARN_INFINITE_RECURSION = YES;
				CLANG_WARN_INT_CONVERSION = YES;
				CLANG_WARN_NON_LITERAL_NULL_CONVERSION = YES;
				CLANG_WARN_OBJC_LITERAL_CONVERSION = YES;
				CLANG_WARN_OBJC_ROOT_CLASS = YES_ERROR;
				CLANG_WARN_RANGE_LOOP_ANALYSIS = YES;
				CLANG_WARN_STRICT_PROTOTYPES = YES;
				CLANG_WARN_SUSPICIOUS_MOVE = YES;
				CLANG_WARN_UNGUARDED_AVAILABILITY = YES_AGGRESSIVE;
				CLANG_WARN_UNREACHABLE_CODE = YES;
				CLANG_WARN__DUPLICATE_METHOD_MATCH = YES;
				CODE_SIGN_IDENTITY = "iPhone Developer";
				COPY_PHASE_STRIP = NO;
				DEBUG_INFORMATION_FORMAT = "dwarf-with-dsym";
				ENABLE_NS_ASSERTIONS = NO;
				ENABLE_STRICT_OBJC_MSGSEND = YES;
				GCC_C_LANGUAGE_STANDARD = gnu11;
				GCC_NO_COMMON_BLOCKS = YES;
				GCC_WARN_64_TO_32_BIT_CONVERSION = YES;
				GCC_WARN_ABOUT_RETURN_TYPE = YES_ERROR;
				GCC_WARN_UNDECLARED_SELECTOR = YES;
				GCC_WARN_UNINITIALIZED_AUTOS = YES_AGGRESSIVE;
				GCC_WARN_UNUSED_FUNCTION = YES;
				GCC_WARN_UNUSED_VARIABLE = YES;
				IPHONEOS_DEPLOYMENT_TARGET = 11.2;
				MTL_ENABLE_DEBUG_INFO = NO;
				SDKROOT = iphoneos;
				SWIFT_OPTIMIZATION_LEVEL = "-Owholemodule";
				VALIDATE_PRODUCT = YES;
			};
			name = Release;
		};
		A6BFEC771FEA4453007F1414 /* Debug */ = {
			isa = XCBuildConfiguration;
			buildSettings = {
				ASSETCATALOG_COMPILER_APPICON_NAME = AppIcon;
				CODE_SIGN_STYLE = Automatic;
				DEVELOPMENT_TEAM = AB8R9MWWNQ;
				INFOPLIST_FILE = SwiftDemo16/Info.plist;
				LD_RUNPATH_SEARCH_PATHS = "$(inherited) @executable_path/Frameworks";
				PRODUCT_BUNDLE_IDENTIFIER = com.viewhigh.SwiftDemo16;
				PRODUCT_NAME = "$(TARGET_NAME)";
				SWIFT_VERSION = 4.0;
				TARGETED_DEVICE_FAMILY = "1,2";
			};
			name = Debug;
		};
		A6BFEC781FEA4453007F1414 /* Release */ = {
			isa = XCBuildConfiguration;
			buildSettings = {
				ASSETCATALOG_COMPILER_APPICON_NAME = AppIcon;
				CODE_SIGN_STYLE = Automatic;
				DEVELOPMENT_TEAM = AB8R9MWWNQ;
				INFOPLIST_FILE = SwiftDemo16/Info.plist;
				LD_RUNPATH_SEARCH_PATHS = "$(inherited) @executable_path/Frameworks";
				PRODUCT_BUNDLE_IDENTIFIER = com.viewhigh.SwiftDemo16;
				PRODUCT_NAME = "$(TARGET_NAME)";
				SWIFT_VERSION = 4.0;
				TARGETED_DEVICE_FAMILY = "1,2";
			};
			name = Release;
		};
/* End XCBuildConfiguration section */

/* Begin XCConfigurationList section */
		A6BFEC5F1FEA4453007F1414 /* Build configuration list for PBXProject "SwiftDemo16" */ = {
			isa = XCConfigurationList;
			buildConfigurations = (
				A6BFEC741FEA4453007F1414 /* Debug */,
				A6BFEC751FEA4453007F1414 /* Release */,
			);
			defaultConfigurationIsVisible = 0;
			defaultConfigurationName = Release;
		};
		A6BFEC761FEA4453007F1414 /* Build configuration list for PBXNativeTarget "SwiftDemo16" */ = {
			isa = XCConfigurationList;
			buildConfigurations = (
				A6BFEC771FEA4453007F1414 /* Debug */,
				A6BFEC781FEA4453007F1414 /* Release */,
			);
			defaultConfigurationIsVisible = 0;
			defaultConfigurationName = Release;
		};
/* End XCConfigurationList section */
	};
	rootObject = A6BFEC5C1FEA4453007F1414 /* Project object */;
}
