// !$*UTF8*$!
{
	archiveVersion = 1;
	classes = {
	};
	objectVersion = 48;
	objects = {

/* Begin PBXBuildFile section */
		A65C3CAF1FF23D3800E5585E /* AppDelegate.swift in Sources */ = {isa = PBXBuildFile; fileRef = A65C3CAE1FF23D3800E5585E /* AppDelegate.swift */; };
		A65C3CB11FF23D3800E5585E /* ViewController.swift in Sources */ = {isa = PBXBuildFile; fileRef = A65C3CB01FF23D3800E5585E /* ViewController.swift */; };
		A65C3CB41FF23D3800E5585E /* Main.storyboard in Resources */ = {isa = PBXBuildFile; fileRef = A65C3CB21FF23D3800E5585E /* Main.storyboard */; };
		A65C3CB61FF23D3800E5585E /* Assets.xcassets in Resources */ = {isa = PBXBuildFile; fileRef = A65C3CB51FF23D3800E5585E /* Assets.xcassets */; };
		A65C3CB91FF23D3800E5585E /* LaunchScreen.storyboard in Resources */ = {isa = PBXBuildFile; fileRef = A65C3CB71FF23D3800E5585E /* LaunchScreen.storyboard */; };
		A65C3CC11FF244F000E5585E /* AnimationsViewController.swift in Sources */ = {isa = PBXBuildFile; fileRef = A65C3CC01FF244F000E5585E /* AnimationsViewController.swift */; };
/* End PBXBuildFile section */

/* Begin PBXFileReference section */
		A65C3CAB1FF23D3800E5585E /* SwiftDemo20.app */ = {isa = PBXFileReference; explicitFileType = wrapper.application; includeInIndex = 0; path = SwiftDemo20.app; sourceTree = BUILT_PRODUCTS_DIR; };
		A65C3CAE1FF23D3800E5585E /* AppDelegate.swift */ = {isa = PBXFileReference; lastKnownFileType = sourcecode.swift; path = AppDelegate.swift; sourceTree = "<group>"; };
		A65C3CB01FF23D3800E5585E /* ViewController.swift */ = {isa = PBXFileReference; lastKnownFileType = sourcecode.swift; path = ViewController.swift; sourceTree = "<group>"; };
		A65C3CB31FF23D3800E5585E /* Base */ = {isa = PBXFileReference; lastKnownFileType = file.storyboard; name = Base; path = Base.lproj/Main.storyboard; sourceTree = "<group>"; };
		A65C3CB51FF23D3800E5585E /* Assets.xcassets */ = {isa = PBXFileReference; lastKnownFileType = folder.assetcatalog; path = Assets.xcassets; sourceTree = "<group>"; };
		A65C3CB81FF23D3800E5585E /* Base */ = {isa = PBXFileReference; lastKnownFileType = file.storyboard; name = Base; path = Base.lproj/LaunchScreen.storyboard; sourceTree = "<group>"; };
		A65C3CBA1FF23D3800E5585E /* Info.plist */ = {isa = PBXFileReference; lastKnownFileType = text.plist.xml; path = Info.plist; sourceTree = "<group>"; };
		A65C3CC01FF244F000E5585E /* AnimationsViewController.swift */ = {isa = PBXFileReference; lastKnownFileType = sourcecode.swift; path = AnimationsViewController.swift; sourceTree = "<group>"; };
/* End PBXFileReference section */

/* Begin PBXFrameworksBuildPhase section */
		A65C3CA81FF23D3800E5585E /* Frameworks */ = {
			isa = PBXFrameworksBuildPhase;
			buildActionMask = 2147483647;
			files = (
			);
			runOnlyForDeploymentPostprocessing = 0;
		};
/* End PBXFrameworksBuildPhase section */

/* Begin PBXGroup section */
		A65C3CA21FF23D3800E5585E = {
			isa = PBXGroup;
			children = (
				A65C3CAD1FF23D3800E5585E /* SwiftDemo20 */,
				A65C3CAC1FF23D3800E5585E /* Products */,
			);
			sourceTree = "<group>";
		};
		A65C3CAC1FF23D3800E5585E /* Products */ = {
			isa = PBXGroup;
			children = (
				A65C3CAB1FF23D3800E5585E /* SwiftDemo20.app */,
			);
			name = Products;
			sourceTree = "<group>";
		};
		A65C3CAD1FF23D3800E5585E /* SwiftDemo20 */ = {
			isa = PBXGroup;
			children = (
				A65C3CAE1FF23D3800E5585E /* AppDelegate.swift */,
				A65C3CB01FF23D3800E5585E /* ViewController.swift */,
				A65C3CC01FF244F000E5585E /* AnimationsViewController.swift */,
				A65C3CB21FF23D3800E5585E /* Main.storyboard */,
				A65C3CB51FF23D3800E5585E /* Assets.xcassets */,
				A65C3CB71FF23D3800E5585E /* LaunchScreen.storyboard */,
				A65C3CBA1FF23D3800E5585E /* Info.plist */,
			);
			path = SwiftDemo20;
			sourceTree = "<group>";
		};
/* End PBXGroup section */

/* Begin PBXNativeTarget section */
		A65C3CAA1FF23D3800E5585E /* SwiftDemo20 */ = {
			isa = PBXNativeTarget;
			buildConfigurationList = A65C3CBD1FF23D3800E5585E /* Build configuration list for PBXNativeTarget "SwiftDemo20" */;
			buildPhases = (
				A65C3CA71FF23D3800E5585E /* Sources */,
				A65C3CA81FF23D3800E5585E /* Frameworks */,
				A65C3CA91FF23D3800E5585E /* Resources */,
			);
			buildRules = (
			);
			dependencies = (
			);
			name = SwiftDemo20;
			productName = SwiftDemo20;
			productReference = A65C3CAB1FF23D3800E5585E /* SwiftDemo20.app */;
			productType = "com.apple.product-type.application";
		};
/* End PBXNativeTarget section */

/* Begin PBXProject section */
		A65C3CA31FF23D3800E5585E /* Project object */ = {
			isa = PBXProject;
			attributes = {
				LastSwiftUpdateCheck = 0920;
				LastUpgradeCheck = 0920;
				ORGANIZATIONNAME = viewhigh;
				TargetAttributes = {
					A65C3CAA1FF23D3800E5585E = {
						CreatedOnToolsVersion = 9.2;
						ProvisioningStyle = Automatic;
					};
				};
			};
			buildConfigurationList = A65C3CA61FF23D3800E5585E /* Build configuration list for PBXProject "SwiftDemo20" */;
			compatibilityVersion = "Xcode 8.0";
			developmentRegion = en;
			hasScannedForEncodings = 0;
			knownRegions = (
				en,
				Base,
			);
			mainGroup = A65C3CA21FF23D3800E5585E;
			productRefGroup = A65C3CAC1FF23D3800E5585E /* Products */;
			projectDirPath = "";
			projectRoot = "";
			targets = (
				A65C3CAA1FF23D3800E5585E /* SwiftDemo20 */,
			);
		};
/* End PBXProject section */

/* Begin PBXResourcesBuildPhase section */
		A65C3CA91FF23D3800E5585E /* Resources */ = {
			isa = PBXResourcesBuildPhase;
			buildActionMask = 2147483647;
			files = (
				A65C3CB91FF23D3800E5585E /* LaunchScreen.storyboard in Resources */,
				A65C3CB61FF23D3800E5585E /* Assets.xcassets in Resources */,
				A65C3CB41FF23D3800E5585E /* Main.storyboard in Resources */,
			);
			runOnlyForDeploymentPostprocessing = 0;
		};
/* End PBXResourcesBuildPhase section */

/* Begin PBXSourcesBuildPhase section */
		A65C3CA71FF23D3800E5585E /* Sources */ = {
			isa = PBXSourcesBuildPhase;
			buildActionMask = 2147483647;
			files = (
				A65C3CC11FF244F000E5585E /* AnimationsViewController.swift in Sources */,
				A65C3CB11FF23D3800E5585E /* ViewController.swift in Sources */,
				A65C3CAF1FF23D3800E5585E /* AppDelegate.swift in Sources */,
			);
			runOnlyForDeploymentPostprocessing = 0;
		};
/* End PBXSourcesBuildPhase section */

/* Begin PBXVariantGroup section */
		A65C3CB21FF23D3800E5585E /* Main.storyboard */ = {
			isa = PBXVariantGroup;
			children = (
				A65C3CB31FF23D3800E5585E /* Base */,
			);
			name = Main.storyboard;
			sourceTree = "<group>";
		};
		A65C3CB71FF23D3800E5585E /* LaunchScreen.storyboard */ = {
			isa = PBXVariantGroup;
			children = (
				A65C3CB81FF23D3800E5585E /* Base */,
			);
			name = LaunchScreen.storyboard;
			sourceTree = "<group>";
		};
/* End PBXVariantGroup section */

/* Begin XCBuildConfiguration section */
		A65C3CBB1FF23D3800E5585E /* Debug */ = {
			isa = XCBuildConfiguration;
			buildSettings = {
				ALWAYS_SEARCH_USER_PATHS = NO;
				CLANG_ANALYZER_NONNULL = YES;
				CLANG_ANALYZER_NUMBER_OBJECT_CONVERSION = YES_AGGRESSIVE;
				CLANG_CXX_LANGUAGE_STANDARD = "gnu++14";
				CLANG_CXX_LIBRARY = "libc++";
				CLANG_ENABLE_MODULES = YES;
				CLANG_ENABLE_OBJC_ARC = YES;
				CLANG_WARN_BLOCK_CAPTURE_AUTORELEASING = YES;
				CLANG_WARN_BOOL_CONVERSION = YES;
				CLANG_WARN_COMMA = YES;
				CLANG_WARN_CONSTANT_CONVERSION = YES;
				CLANG_WARN_DIRECT_OBJC_ISA_USAGE = YES_ERROR;
				CLANG_WARN_DOCUMENTATION_COMMENTS = YES;
				CLANG_WARN_EMPTY_BODY = YES;
				CLANG_WARN_ENUM_CONVERSION = YES;
				CLANG_WARN_INFINITE_RECURSION = YES;
				CLANG_WARN_INT_CONVERSION = YES;
				CLANG_WARN_NON_LITERAL_NULL_CONVERSION = YES;
				CLANG_WARN_OBJC_LITERAL_CONVERSION = YES;
				CLANG_WARN_OBJC_ROOT_CLASS = YES_ERROR;
				CLANG_WARN_RANGE_LOOP_ANALYSIS = YES;
				CLANG_WARN_STRICT_PROTOTYPES = YES;
				CLANG_WARN_SUSPICIOUS_MOVE = YES;
				CLANG_WARN_UNGUARDED_AVAILABILITY = YES_AGGRESSIVE;
				CLANG_WARN_UNREACHABLE_CODE = YES;
				CLANG_WARN__DUPLICATE_METHOD_MATCH = YES;
				CODE_SIGN_IDENTITY = "iPhone Developer";
				COPY_PHASE_STRIP = NO;
				DEBUG_INFORMATION_FORMAT = dwarf;
				ENABLE_STRICT_OBJC_MSGSEND = YES;
				ENABLE_TESTABILITY = YES;
				GCC_C_LANGUAGE_STANDARD = gnu11;
				GCC_DYNAMIC_NO_PIC = NO;
				GCC_NO_COMMON_BLOCKS = YES;
				GCC_OPTIMIZATION_LEVEL = 0;
				GCC_PREPROCESSOR_DEFINITIONS = (
					"DEBUG=1",
					"$(inherited)",
				);
				GCC_WARN_64_TO_32_BIT_CONVERSION = YES;
				GCC_WARN_ABOUT_RETURN_TYPE = YES_ERROR;
				GCC_WARN_UNDECLARED_SELECTOR = YES;
				GCC_WARN_UNINITIALIZED_AUTOS = YES_AGGRESSIVE;
				GCC_WARN_UNUSED_FUNCTION = YES;
				GCC_WARN_UNUSED_VARIABLE = YES;
				IPHONEOS_DEPLOYMENT_TARGET = 11.2;
				MTL_ENABLE_DEBUG_INFO = YES;
				ONLY_ACTIVE_ARCH = YES;
				SDKROOT = iphoneos;
				SWIFT_ACTIVE_COMPILATION_CONDITIONS = DEBUG;
				SWIFT_OPTIMIZATION_LEVEL = "-Onone";
			};
			name = Debug;
		};
		A65C3CBC1FF23D3800E5585E /* Release */ = {
			isa = XCBuildConfiguration;
			buildSettings = {
				ALWAYS_SEARCH_USER_PATHS = NO;
				CLANG_ANALYZER_NONNULL = YES;
				CLANG_ANALYZER_NUMBER_OBJECT_CONVERSION = YES_AGGRESSIVE;
				CLANG_CXX_LANGUAGE_STANDARD = "gnu++14";
				CLANG_CXX_LIBRARY = "libc++";
				CLANG_ENABLE_MODULES = YES;
				CLANG_ENABLE_OBJC_ARC = YES;
				CLANG_WARN_BLOCK_CAPTURE_AUTORELEASING = YES;
				CLANG_WARN_BOOL_CONVERSION = YES;
				CLANG_WARN_COMMA = YES;
				CLANG_WARN_CONSTANT_CONVERSION = YES;
				CLANG_WARN_DIRECT_OBJC_ISA_USAGE = YES_ERROR;
				CLANG_WARN_DOCUMENTATION_COMMENTS = YES;
				CLANG_WARN_EMPTY_BODY = YES;
				CLANG_WARN_ENUM_CONVERSION = YES;
				CLANG_WARN_INFINITE_RECURSION = YES;
				CLANG_WARN_INT_CONVERSION = YES;
				CLANG_WARN_NON_LITERAL_NULL_CONVERSION = YES;
				CLANG_WARN_OBJC_LITERAL_CONVERSION = YES;
				CLANG_WARN_OBJC_ROOT_CLASS = YES_ERROR;
				CLANG_WARN_RANGE_LOOP_ANALYSIS = YES;
				CLANG_WARN_STRICT_PROTOTYPES = YES;
				CLANG_WARN_SUSPICIOUS_MOVE = YES;
				CLANG_WARN_UNGUARDED_AVAILABILITY = YES_AGGRESSIVE;
				CLANG_WARN_UNREACHABLE_CODE = YES;
				CLANG_WARN__DUPLICATE_METHOD_MATCH = YES;
				CODE_SIGN_IDENTITY = "iPhone Developer";
				COPY_PHASE_STRIP = NO;
				DEBUG_INFORMATION_FORMAT = "dwarf-with-dsym";
				ENABLE_NS_ASSERTIONS = NO;
				ENABLE_STRICT_OBJC_MSGSEND = YES;
				GCC_C_LANGUAGE_STANDARD = gnu11;
				GCC_NO_COMMON_BLOCKS = YES;
				GCC_WARN_64_TO_32_BIT_CONVERSION = YES;
				GCC_WARN_ABOUT_RETURN_TYPE = YES_ERROR;
				GCC_WARN_UNDECLARED_SELECTOR = YES;
				GCC_WARN_UNINITIALIZED_AUTOS = YES_AGGRESSIVE;
				GCC_WARN_UNUSED_FUNCTION = YES;
				GCC_WARN_UNUSED_VARIABLE = YES;
				IPHONEOS_DEPLOYMENT_TARGET = 11.2;
				MTL_ENABLE_DEBUG_INFO = NO;
				SDKROOT = iphoneos;
				SWIFT_OPTIMIZATION_LEVEL = "-Owholemodule";
				VALIDATE_PRODUCT = YES;
			};
			name = Release;
		};
		A65C3CBE1FF23D3800E5585E /* Debug */ = {
			isa = XCBuildConfiguration;
			buildSettings = {
				ASSETCATALOG_COMPILER_APPICON_NAME = AppIcon;
				CODE_SIGN_STYLE = Automatic;
				INFOPLIST_FILE = SwiftDemo20/Info.plist;
				LD_RUNPATH_SEARCH_PATHS = "$(inherited) @executable_path/Frameworks";
				PRODUCT_BUNDLE_IDENTIFIER = com.viewhigh.SwiftDemo20;
				PRODUCT_NAME = "$(TARGET_NAME)";
				SWIFT_VERSION = 4.0;
				TARGETED_DEVICE_FAMILY = "1,2";
			};
			name = Debug;
		};
		A65C3CBF1FF23D3800E5585E /* Release */ = {
			isa = XCBuildConfiguration;
			buildSettings = {
				ASSETCATALOG_COMPILER_APPICON_NAME = AppIcon;
				CODE_SIGN_STYLE = Automatic;
				INFOPLIST_FILE = SwiftDemo20/Info.plist;
				LD_RUNPATH_SEARCH_PATHS = "$(inherited) @executable_path/Frameworks";
				PRODUCT_BUNDLE_IDENTIFIER = com.viewhigh.SwiftDemo20;
				PRODUCT_NAME = "$(TARGET_NAME)";
				SWIFT_VERSION = 4.0;
				TARGETED_DEVICE_FAMILY = "1,2";
			};
			name = Release;
		};
/* End XCBuildConfiguration section */

/* Begin XCConfigurationList section */
		A65C3CA61FF23D3800E5585E /* Build configuration list for PBXProject "SwiftDemo20" */ = {
			isa = XCConfigurationList;
			buildConfigurations = (
				A65C3CBB1FF23D3800E5585E /* Debug */,
				A65C3CBC1FF23D3800E5585E /* Release */,
			);
			defaultConfigurationIsVisible = 0;
			defaultConfigurationName = Release;
		};
		A65C3CBD1FF23D3800E5585E /* Build configuration list for PBXNativeTarget "SwiftDemo20" */ = {
			isa = XCConfigurationList;
			buildConfigurations = (
				A65C3CBE1FF23D3800E5585E /* Debug */,
				A65C3CBF1FF23D3800E5585E /* Release */,
			);
			defaultConfigurationIsVisible = 0;
			defaultConfigurationName = Release;
		};
/* End XCConfigurationList section */
	};
	rootObject = A65C3CA31FF23D3800E5585E /* Project object */;
}
