// !$*UTF8*$!
{
	archiveVersion = 1;
	classes = {
	};
	objectVersion = 48;
	objects = {

/* Begin PBXBuildFile section */
		A6BFEC461FEA2D11007F1414 /* AppDelegate.swift in Sources */ = {isa = PBXBuildFile; fileRef = A6BFEC451FEA2D11007F1414 /* AppDelegate.swift */; };
		A6BFEC481FEA2D11007F1414 /* ViewController.swift in Sources */ = {isa = PBXBuildFile; fileRef = A6BFEC471FEA2D11007F1414 /* ViewController.swift */; };
		A6BFEC4B1FEA2D11007F1414 /* Main.storyboard in Resources */ = {isa = PBXBuildFile; fileRef = A6BFEC491FEA2D11007F1414 /* Main.storyboard */; };
		A6BFEC4D1FEA2D11007F1414 /* Assets.xcassets in Resources */ = {isa = PBXBuildFile; fileRef = A6BFEC4C1FEA2D11007F1414 /* Assets.xcassets */; };
		A6BFEC501FEA2D11007F1414 /* LaunchScreen.storyboard in Resources */ = {isa = PBXBuildFile; fileRef = A6BFEC4E1FEA2D11007F1414 /* LaunchScreen.storyboard */; };
		A6BFEC581FEA2D1D007F1414 /* logo.png in Resources */ = {isa = PBXBuildFile; fileRef = A6BFEC571FEA2D1D007F1414 /* logo.png */; };
		A6BFEC5A1FEA369C007F1414 /* LoginViewController.swift in Sources */ = {isa = PBXBuildFile; fileRef = A6BFEC591FEA369C007F1414 /* LoginViewController.swift */; };
/* End PBXBuildFile section */

/* Begin PBXFileReference section */
		A6BFEC421FEA2D11007F1414 /* SwiftDemo15.app */ = {isa = PBXFileReference; explicitFileType = wrapper.application; includeInIndex = 0; path = SwiftDemo15.app; sourceTree = BUILT_PRODUCTS_DIR; };
		A6BFEC451FEA2D11007F1414 /* AppDelegate.swift */ = {isa = PBXFileReference; lastKnownFileType = sourcecode.swift; path = AppDelegate.swift; sourceTree = "<group>"; };
		A6BFEC471FEA2D11007F1414 /* ViewController.swift */ = {isa = PBXFileReference; lastKnownFileType = sourcecode.swift; path = ViewController.swift; sourceTree = "<group>"; };
		A6BFEC4A1FEA2D11007F1414 /* Base */ = {isa = PBXFileReference; lastKnownFileType = file.storyboard; name = Base; path = Base.lproj/Main.storyboard; sourceTree = "<group>"; };
		A6BFEC4C1FEA2D11007F1414 /* Assets.xcassets */ = {isa = PBXFileReference; lastKnownFileType = folder.assetcatalog; path = Assets.xcassets; sourceTree = "<group>"; };
		A6BFEC4F1FEA2D11007F1414 /* Base */ = {isa = PBXFileReference; lastKnownFileType = file.storyboard; name = Base; path = Base.lproj/LaunchScreen.storyboard; sourceTree = "<group>"; };
		A6BFEC511FEA2D11007F1414 /* Info.plist */ = {isa = PBXFileReference; lastKnownFileType = text.plist.xml; path = Info.plist; sourceTree = "<group>"; };
		A6BFEC571FEA2D1D007F1414 /* logo.png */ = {isa = PBXFileReference; lastKnownFileType = image.png; path = logo.png; sourceTree = "<group>"; };
		A6BFEC591FEA369C007F1414 /* LoginViewController.swift */ = {isa = PBXFileReference; lastKnownFileType = sourcecode.swift; path = LoginViewController.swift; sourceTree = "<group>"; };
/* End PBXFileReference section */

/* Begin PBXFrameworksBuildPhase section */
		A6BFEC3F1FEA2D11007F1414 /* Frameworks */ = {
			isa = PBXFrameworksBuildPhase;
			buildActionMask = 2147483647;
			files = (
			);
			runOnlyForDeploymentPostprocessing = 0;
		};
/* End PBXFrameworksBuildPhase section */

/* Begin PBXGroup section */
		A6BFEC391FEA2D11007F1414 = {
			isa = PBXGroup;
			children = (
				A6BFEC441FEA2D11007F1414 /* SwiftDemo15 */,
				A6BFEC431FEA2D11007F1414 /* Products */,
			);
			sourceTree = "<group>";
		};
		A6BFEC431FEA2D11007F1414 /* Products */ = {
			isa = PBXGroup;
			children = (
				A6BFEC421FEA2D11007F1414 /* SwiftDemo15.app */,
			);
			name = Products;
			sourceTree = "<group>";
		};
		A6BFEC441FEA2D11007F1414 /* SwiftDemo15 */ = {
			isa = PBXGroup;
			children = (
				A6BFEC571FEA2D1D007F1414 /* logo.png */,
				A6BFEC451FEA2D11007F1414 /* AppDelegate.swift */,
				A6BFEC471FEA2D11007F1414 /* ViewController.swift */,
				A6BFEC591FEA369C007F1414 /* LoginViewController.swift */,
				A6BFEC491FEA2D11007F1414 /* Main.storyboard */,
				A6BFEC4C1FEA2D11007F1414 /* Assets.xcassets */,
				A6BFEC4E1FEA2D11007F1414 /* LaunchScreen.storyboard */,
				A6BFEC511FEA2D11007F1414 /* Info.plist */,
			);
			path = SwiftDemo15;
			sourceTree = "<group>";
		};
/* End PBXGroup section */

/* Begin PBXNativeTarget section */
		A6BFEC411FEA2D11007F1414 /* SwiftDemo15 */ = {
			isa = PBXNativeTarget;
			buildConfigurationList = A6BFEC541FEA2D11007F1414 /* Build configuration list for PBXNativeTarget "SwiftDemo15" */;
			buildPhases = (
				A6BFEC3E1FEA2D11007F1414 /* Sources */,
				A6BFEC3F1FEA2D11007F1414 /* Frameworks */,
				A6BFEC401FEA2D11007F1414 /* Resources */,
			);
			buildRules = (
			);
			dependencies = (
			);
			name = SwiftDemo15;
			productName = SwiftDemo15;
			productReference = A6BFEC421FEA2D11007F1414 /* SwiftDemo15.app */;
			productType = "com.apple.product-type.application";
		};
/* End PBXNativeTarget section */

/* Begin PBXProject section */
		A6BFEC3A1FEA2D11007F1414 /* Project object */ = {
			isa = PBXProject;
			attributes = {
				LastSwiftUpdateCheck = 0920;
				LastUpgradeCheck = 0920;
				ORGANIZATIONNAME = viewhigh;
				TargetAttributes = {
					A6BFEC411FEA2D11007F1414 = {
						CreatedOnToolsVersion = 9.2;
						ProvisioningStyle = Automatic;
					};
				};
			};
			buildConfigurationList = A6BFEC3D1FEA2D11007F1414 /* Build configuration list for PBXProject "SwiftDemo15" */;
			compatibilityVersion = "Xcode 8.0";
			developmentRegion = en;
			hasScannedForEncodings = 0;
			knownRegions = (
				en,
				Base,
			);
			mainGroup = A6BFEC391FEA2D11007F1414;
			productRefGroup = A6BFEC431FEA2D11007F1414 /* Products */;
			projectDirPath = "";
			projectRoot = "";
			targets = (
				A6BFEC411FEA2D11007F1414 /* SwiftDemo15 */,
			);
		};
/* End PBXProject section */

/* Begin PBXResourcesBuildPhase section */
		A6BFEC401FEA2D11007F1414 /* Resources */ = {
			isa = PBXResourcesBuildPhase;
			buildActionMask = 2147483647;
			files = (
				A6BFEC581FEA2D1D007F1414 /* logo.png in Resources */,
				A6BFEC501FEA2D11007F1414 /* LaunchScreen.storyboard in Resources */,
				A6BFEC4D1FEA2D11007F1414 /* Assets.xcassets in Resources */,
				A6BFEC4B1FEA2D11007F1414 /* Main.storyboard in Resources */,
			);
			runOnlyForDeploymentPostprocessing = 0;
		};
/* End PBXResourcesBuildPhase section */

/* Begin PBXSourcesBuildPhase section */
		A6BFEC3E1FEA2D11007F1414 /* Sources */ = {
			isa = PBXSourcesBuildPhase;
			buildActionMask = 2147483647;
			files = (
				A6BFEC5A1FEA369C007F1414 /* LoginViewController.swift in Sources */,
				A6BFEC481FEA2D11007F1414 /* ViewController.swift in Sources */,
				A6BFEC461FEA2D11007F1414 /* AppDelegate.swift in Sources */,
			);
			runOnlyForDeploymentPostprocessing = 0;
		};
/* End PBXSourcesBuildPhase section */

/* Begin PBXVariantGroup section */
		A6BFEC491FEA2D11007F1414 /* Main.storyboard */ = {
			isa = PBXVariantGroup;
			children = (
				A6BFEC4A1FEA2D11007F1414 /* Base */,
			);
			name = Main.storyboard;
			sourceTree = "<group>";
		};
		A6BFEC4E1FEA2D11007F1414 /* LaunchScreen.storyboard */ = {
			isa = PBXVariantGroup;
			children = (
				A6BFEC4F1FEA2D11007F1414 /* Base */,
			);
			name = LaunchScreen.storyboard;
			sourceTree = "<group>";
		};
/* End PBXVariantGroup section */

/* Begin XCBuildConfiguration section */
		A6BFEC521FEA2D11007F1414 /* Debug */ = {
			isa = XCBuildConfiguration;
			buildSettings = {
				ALWAYS_SEARCH_USER_PATHS = NO;
				CLANG_ANALYZER_NONNULL = YES;
				CLANG_ANALYZER_NUMBER_OBJECT_CONVERSION = YES_AGGRESSIVE;
				CLANG_CXX_LANGUAGE_STANDARD = "gnu++14";
				CLANG_CXX_LIBRARY = "libc++";
				CLANG_ENABLE_MODULES = YES;
				CLANG_ENABLE_OBJC_ARC = YES;
				CLANG_WARN_BLOCK_CAPTURE_AUTORELEASING = YES;
				CLANG_WARN_BOOL_CONVERSION = YES;
				CLANG_WARN_COMMA = YES;
				CLANG_WARN_CONSTANT_CONVERSION = YES;
				CLANG_WARN_DIRECT_OBJC_ISA_USAGE = YES_ERROR;
				CLANG_WARN_DOCUMENTATION_COMMENTS = YES;
				CLANG_WARN_EMPTY_BODY = YES;
				CLANG_WARN_ENUM_CONVERSION = YES;
				CLANG_WARN_INFINITE_RECURSION = YES;
				CLANG_WARN_INT_CONVERSION = YES;
				CLANG_WARN_NON_LITERAL_NULL_CONVERSION = YES;
				CLANG_WARN_OBJC_LITERAL_CONVERSION = YES;
				CLANG_WARN_OBJC_ROOT_CLASS = YES_ERROR;
				CLANG_WARN_RANGE_LOOP_ANALYSIS = YES;
				CLANG_WARN_STRICT_PROTOTYPES = YES;
				CLANG_WARN_SUSPICIOUS_MOVE = YES;
				CLANG_WARN_UNGUARDED_AVAILABILITY = YES_AGGRESSIVE;
				CLANG_WARN_UNREACHABLE_CODE = YES;
				CLANG_WARN__DUPLICATE_METHOD_MATCH = YES;
				CODE_SIGN_IDENTITY = "iPhone Developer";
				COPY_PHASE_STRIP = NO;
				DEBUG_INFORMATION_FORMAT = dwarf;
				ENABLE_STRICT_OBJC_MSGSEND = YES;
				ENABLE_TESTABILITY = YES;
				GCC_C_LANGUAGE_STANDARD = gnu11;
				GCC_DYNAMIC_NO_PIC = NO;
				GCC_NO_COMMON_BLOCKS = YES;
				GCC_OPTIMIZATION_LEVEL = 0;
				GCC_PREPROCESSOR_DEFINITIONS = (
					"DEBUG=1",
					"$(inherited)",
				);
				GCC_WARN_64_TO_32_BIT_CONVERSION = YES;
				GCC_WARN_ABOUT_RETURN_TYPE = YES_ERROR;
				GCC_WARN_UNDECLARED_SELECTOR = YES;
				GCC_WARN_UNINITIALIZED_AUTOS = YES_AGGRESSIVE;
				GCC_WARN_UNUSED_FUNCTION = YES;
				GCC_WARN_UNUSED_VARIABLE = YES;
				IPHONEOS_DEPLOYMENT_TARGET = 11.2;
				MTL_ENABLE_DEBUG_INFO = YES;
				ONLY_ACTIVE_ARCH = YES;
				SDKROOT = iphoneos;
				SWIFT_ACTIVE_COMPILATION_CONDITIONS = DEBUG;
				SWIFT_OPTIMIZATION_LEVEL = "-Onone";
			};
			name = Debug;
		};
		A6BFEC531FEA2D11007F1414 /* Release */ = {
			isa = XCBuildConfiguration;
			buildSettings = {
				ALWAYS_SEARCH_USER_PATHS = NO;
				CLANG_ANALYZER_NONNULL = YES;
				CLANG_ANALYZER_NUMBER_OBJECT_CONVERSION = YES_AGGRESSIVE;
				CLANG_CXX_LANGUAGE_STANDARD = "gnu++14";
				CLANG_CXX_LIBRARY = "libc++";
				CLANG_ENABLE_MODULES = YES;
				CLANG_ENABLE_OBJC_ARC = YES;
				CLANG_WARN_BLOCK_CAPTURE_AUTORELEASING = YES;
				CLANG_WARN_BOOL_CONVERSION = YES;
				CLANG_WARN_COMMA = YES;
				CLANG_WARN_CONSTANT_CONVERSION = YES;
				CLANG_WARN_DIRECT_OBJC_ISA_USAGE = YES_ERROR;
				CLANG_WARN_DOCUMENTATION_COMMENTS = YES;
				CLANG_WARN_EMPTY_BODY = YES;
				CLANG_WARN_ENUM_CONVERSION = YES;
				CLANG_WARN_INFINITE_RECURSION = YES;
				CLANG_WARN_INT_CONVERSION = YES;
				CLANG_WARN_NON_LITERAL_NULL_CONVERSION = YES;
				CLANG_WARN_OBJC_LITERAL_CONVERSION = YES;
				CLANG_WARN_OBJC_ROOT_CLASS = YES_ERROR;
				CLANG_WARN_RANGE_LOOP_ANALYSIS = YES;
				CLANG_WARN_STRICT_PROTOTYPES = YES;
				CLANG_WARN_SUSPICIOUS_MOVE = YES;
				CLANG_WARN_UNGUARDED_AVAILABILITY = YES_AGGRESSIVE;
				CLANG_WARN_UNREACHABLE_CODE = YES;
				CLANG_WARN__DUPLICATE_METHOD_MATCH = YES;
				CODE_SIGN_IDENTITY = "iPhone Developer";
				COPY_PHASE_STRIP = NO;
				DEBUG_INFORMATION_FORMAT = "dwarf-with-dsym";
				ENABLE_NS_ASSERTIONS = NO;
				ENABLE_STRICT_OBJC_MSGSEND = YES;
				GCC_C_LANGUAGE_STANDARD = gnu11;
				GCC_NO_COMMON_BLOCKS = YES;
				GCC_WARN_64_TO_32_BIT_CONVERSION = YES;
				GCC_WARN_ABOUT_RETURN_TYPE = YES_ERROR;
				GCC_WARN_UNDECLARED_SELECTOR = YES;
				GCC_WARN_UNINITIALIZED_AUTOS = YES_AGGRESSIVE;
				GCC_WARN_UNUSED_FUNCTION = YES;
				GCC_WARN_UNUSED_VARIABLE = YES;
				IPHONEOS_DEPLOYMENT_TARGET = 11.2;
				MTL_ENABLE_DEBUG_INFO = NO;
				SDKROOT = iphoneos;
				SWIFT_OPTIMIZATION_LEVEL = "-Owholemodule";
				VALIDATE_PRODUCT = YES;
			};
			name = Release;
		};
		A6BFEC551FEA2D11007F1414 /* Debug */ = {
			isa = XCBuildConfiguration;
			buildSettings = {
				ASSETCATALOG_COMPILER_APPICON_NAME = AppIcon;
				CODE_SIGN_STYLE = Automatic;
				DEVELOPMENT_TEAM = AB8R9MWWNQ;
				INFOPLIST_FILE = SwiftDemo15/Info.plist;
				LD_RUNPATH_SEARCH_PATHS = "$(inherited) @executable_path/Frameworks";
				PRODUCT_BUNDLE_IDENTIFIER = com.viewhigh.SwiftDemo15;
				PRODUCT_NAME = "$(TARGET_NAME)";
				SWIFT_VERSION = 4.0;
				TARGETED_DEVICE_FAMILY = "1,2";
			};
			name = Debug;
		};
		A6BFEC561FEA2D11007F1414 /* Release */ = {
			isa = XCBuildConfiguration;
			buildSettings = {
				ASSETCATALOG_COMPILER_APPICON_NAME = AppIcon;
				CODE_SIGN_STYLE = Automatic;
				DEVELOPMENT_TEAM = AB8R9MWWNQ;
				INFOPLIST_FILE = SwiftDemo15/Info.plist;
				LD_RUNPATH_SEARCH_PATHS = "$(inherited) @executable_path/Frameworks";
				PRODUCT_BUNDLE_IDENTIFIER = com.viewhigh.SwiftDemo15;
				PRODUCT_NAME = "$(TARGET_NAME)";
				SWIFT_VERSION = 4.0;
				TARGETED_DEVICE_FAMILY = "1,2";
			};
			name = Release;
		};
/* End XCBuildConfiguration section */

/* Begin XCConfigurationList section */
		A6BFEC3D1FEA2D11007F1414 /* Build configuration list for PBXProject "SwiftDemo15" */ = {
			isa = XCConfigurationList;
			buildConfigurations = (
				A6BFEC521FEA2D11007F1414 /* Debug */,
				A6BFEC531FEA2D11007F1414 /* Release */,
			);
			defaultConfigurationIsVisible = 0;
			defaultConfigurationName = Release;
		};
		A6BFEC541FEA2D11007F1414 /* Build configuration list for PBXNativeTarget "SwiftDemo15" */ = {
			isa = XCConfigurationList;
			buildConfigurations = (
				A6BFEC551FEA2D11007F1414 /* Debug */,
				A6BFEC561FEA2D11007F1414 /* Release */,
			);
			defaultConfigurationIsVisible = 0;
			defaultConfigurationName = Release;
		};
/* End XCConfigurationList section */
	};
	rootObject = A6BFEC3A1FEA2D11007F1414 /* Project object */;
}
