// !$*UTF8*$!
{
	archiveVersion = 1;
	classes = {
	};
	objectVersion = 48;
	objects = {

/* Begin PBXBuildFile section */
		A683852E2004A6C0002F0B06 /* AppDelegate.swift in Sources */ = {isa = PBXBuildFile; fileRef = A683852D2004A6C0002F0B06 /* AppDelegate.swift */; };
		A68385302004A6C0002F0B06 /* ViewController.swift in Sources */ = {isa = PBXBuildFile; fileRef = A683852F2004A6C0002F0B06 /* ViewController.swift */; };
		A68385332004A6C0002F0B06 /* Main.storyboard in Resources */ = {isa = PBXBuildFile; fileRef = A68385312004A6C0002F0B06 /* Main.storyboard */; };
		A68385352004A6C0002F0B06 /* Assets.xcassets in Resources */ = {isa = PBXBuildFile; fileRef = A68385342004A6C0002F0B06 /* Assets.xcassets */; };
		A68385382004A6C0002F0B06 /* LaunchScreen.storyboard in Resources */ = {isa = PBXBuildFile; fileRef = A68385362004A6C0002F0B06 /* LaunchScreen.storyboard */; };
		A68385402004A792002F0B06 /* TextviewModel.swift in Sources */ = {isa = PBXBuildFile; fileRef = A683853F2004A792002F0B06 /* TextviewModel.swift */; };
		A68385422004A7BF002F0B06 /* TextView.swift in Sources */ = {isa = PBXBuildFile; fileRef = A68385412004A7BF002F0B06 /* TextView.swift */; };
/* End PBXBuildFile section */

/* Begin PBXFileReference section */
		A683852A2004A6C0002F0B06 /* SwiftMVVM.app */ = {isa = PBXFileReference; explicitFileType = wrapper.application; includeInIndex = 0; path = SwiftMVVM.app; sourceTree = BUILT_PRODUCTS_DIR; };
		A683852D2004A6C0002F0B06 /* AppDelegate.swift */ = {isa = PBXFileReference; lastKnownFileType = sourcecode.swift; path = AppDelegate.swift; sourceTree = "<group>"; };
		A683852F2004A6C0002F0B06 /* ViewController.swift */ = {isa = PBXFileReference; lastKnownFileType = sourcecode.swift; path = ViewController.swift; sourceTree = "<group>"; };
		A68385322004A6C0002F0B06 /* Base */ = {isa = PBXFileReference; lastKnownFileType = file.storyboard; name = Base; path = Base.lproj/Main.storyboard; sourceTree = "<group>"; };
		A68385342004A6C0002F0B06 /* Assets.xcassets */ = {isa = PBXFileReference; lastKnownFileType = folder.assetcatalog; path = Assets.xcassets; sourceTree = "<group>"; };
		A68385372004A6C0002F0B06 /* Base */ = {isa = PBXFileReference; lastKnownFileType = file.storyboard; name = Base; path = Base.lproj/LaunchScreen.storyboard; sourceTree = "<group>"; };
		A68385392004A6C0002F0B06 /* Info.plist */ = {isa = PBXFileReference; lastKnownFileType = text.plist.xml; path = Info.plist; sourceTree = "<group>"; };
		A683853F2004A792002F0B06 /* TextviewModel.swift */ = {isa = PBXFileReference; lastKnownFileType = sourcecode.swift; path = TextviewModel.swift; sourceTree = "<group>"; };
		A68385412004A7BF002F0B06 /* TextView.swift */ = {isa = PBXFileReference; lastKnownFileType = sourcecode.swift; path = TextView.swift; sourceTree = "<group>"; };
/* End PBXFileReference section */

/* Begin PBXFrameworksBuildPhase section */
		A68385272004A6C0002F0B06 /* Frameworks */ = {
			isa = PBXFrameworksBuildPhase;
			buildActionMask = 2147483647;
			files = (
			);
			runOnlyForDeploymentPostprocessing = 0;
		};
/* End PBXFrameworksBuildPhase section */

/* Begin PBXGroup section */
		A68385212004A6C0002F0B06 = {
			isa = PBXGroup;
			children = (
				A683852C2004A6C0002F0B06 /* SwiftMVVM */,
				A683852B2004A6C0002F0B06 /* Products */,
			);
			sourceTree = "<group>";
		};
		A683852B2004A6C0002F0B06 /* Products */ = {
			isa = PBXGroup;
			children = (
				A683852A2004A6C0002F0B06 /* SwiftMVVM.app */,
			);
			name = Products;
			sourceTree = "<group>";
		};
		A683852C2004A6C0002F0B06 /* SwiftMVVM */ = {
			isa = PBXGroup;
			children = (
				A683852D2004A6C0002F0B06 /* AppDelegate.swift */,
				A683852F2004A6C0002F0B06 /* ViewController.swift */,
				A68385412004A7BF002F0B06 /* TextView.swift */,
				A683853F2004A792002F0B06 /* TextviewModel.swift */,
				A68385312004A6C0002F0B06 /* Main.storyboard */,
				A68385342004A6C0002F0B06 /* Assets.xcassets */,
				A68385362004A6C0002F0B06 /* LaunchScreen.storyboard */,
				A68385392004A6C0002F0B06 /* Info.plist */,
			);
			path = SwiftMVVM;
			sourceTree = "<group>";
		};
/* End PBXGroup section */

/* Begin PBXNativeTarget section */
		A68385292004A6C0002F0B06 /* SwiftMVVM */ = {
			isa = PBXNativeTarget;
			buildConfigurationList = A683853C2004A6C0002F0B06 /* Build configuration list for PBXNativeTarget "SwiftMVVM" */;
			buildPhases = (
				A68385262004A6C0002F0B06 /* Sources */,
				A68385272004A6C0002F0B06 /* Frameworks */,
				A68385282004A6C0002F0B06 /* Resources */,
			);
			buildRules = (
			);
			dependencies = (
			);
			name = SwiftMVVM;
			productName = SwiftMVVM;
			productReference = A683852A2004A6C0002F0B06 /* SwiftMVVM.app */;
			productType = "com.apple.product-type.application";
		};
/* End PBXNativeTarget section */

/* Begin PBXProject section */
		A68385222004A6C0002F0B06 /* Project object */ = {
			isa = PBXProject;
			attributes = {
				LastSwiftUpdateCheck = 0920;
				LastUpgradeCheck = 0920;
				ORGANIZATIONNAME = viewhigh;
				TargetAttributes = {
					A68385292004A6C0002F0B06 = {
						CreatedOnToolsVersion = 9.2;
						ProvisioningStyle = Automatic;
					};
				};
			};
			buildConfigurationList = A68385252004A6C0002F0B06 /* Build configuration list for PBXProject "SwiftMVVM" */;
			compatibilityVersion = "Xcode 8.0";
			developmentRegion = en;
			hasScannedForEncodings = 0;
			knownRegions = (
				en,
				Base,
			);
			mainGroup = A68385212004A6C0002F0B06;
			productRefGroup = A683852B2004A6C0002F0B06 /* Products */;
			projectDirPath = "";
			projectRoot = "";
			targets = (
				A68385292004A6C0002F0B06 /* SwiftMVVM */,
			);
		};
/* End PBXProject section */

/* Begin PBXResourcesBuildPhase section */
		A68385282004A6C0002F0B06 /* Resources */ = {
			isa = PBXResourcesBuildPhase;
			buildActionMask = 2147483647;
			files = (
				A68385382004A6C0002F0B06 /* LaunchScreen.storyboard in Resources */,
				A68385352004A6C0002F0B06 /* Assets.xcassets in Resources */,
				A68385332004A6C0002F0B06 /* Main.storyboard in Resources */,
			);
			runOnlyForDeploymentPostprocessing = 0;
		};
/* End PBXResourcesBuildPhase section */

/* Begin PBXSourcesBuildPhase section */
		A68385262004A6C0002F0B06 /* Sources */ = {
			isa = PBXSourcesBuildPhase;
			buildActionMask = 2147483647;
			files = (
				A68385302004A6C0002F0B06 /* ViewController.swift in Sources */,
				A68385422004A7BF002F0B06 /* TextView.swift in Sources */,
				A68385402004A792002F0B06 /* TextviewModel.swift in Sources */,
				A683852E2004A6C0002F0B06 /* AppDelegate.swift in Sources */,
			);
			runOnlyForDeploymentPostprocessing = 0;
		};
/* End PBXSourcesBuildPhase section */

/* Begin PBXVariantGroup section */
		A68385312004A6C0002F0B06 /* Main.storyboard */ = {
			isa = PBXVariantGroup;
			children = (
				A68385322004A6C0002F0B06 /* Base */,
			);
			name = Main.storyboard;
			sourceTree = "<group>";
		};
		A68385362004A6C0002F0B06 /* LaunchScreen.storyboard */ = {
			isa = PBXVariantGroup;
			children = (
				A68385372004A6C0002F0B06 /* Base */,
			);
			name = LaunchScreen.storyboard;
			sourceTree = "<group>";
		};
/* End PBXVariantGroup section */

/* Begin XCBuildConfiguration section */
		A683853A2004A6C0002F0B06 /* Debug */ = {
			isa = XCBuildConfiguration;
			buildSettings = {
				ALWAYS_SEARCH_USER_PATHS = NO;
				CLANG_ANALYZER_NONNULL = YES;
				CLANG_ANALYZER_NUMBER_OBJECT_CONVERSION = YES_AGGRESSIVE;
				CLANG_CXX_LANGUAGE_STANDARD = "gnu++14";
				CLANG_CXX_LIBRARY = "libc++";
				CLANG_ENABLE_MODULES = YES;
				CLANG_ENABLE_OBJC_ARC = YES;
				CLANG_WARN_BLOCK_CAPTURE_AUTORELEASING = YES;
				CLANG_WARN_BOOL_CONVERSION = YES;
				CLANG_WARN_COMMA = YES;
				CLANG_WARN_CONSTANT_CONVERSION = YES;
				CLANG_WARN_DIRECT_OBJC_ISA_USAGE = YES_ERROR;
				CLANG_WARN_DOCUMENTATION_COMMENTS = YES;
				CLANG_WARN_EMPTY_BODY = YES;
				CLANG_WARN_ENUM_CONVERSION = YES;
				CLANG_WARN_INFINITE_RECURSION = YES;
				CLANG_WARN_INT_CONVERSION = YES;
				CLANG_WARN_NON_LITERAL_NULL_CONVERSION = YES;
				CLANG_WARN_OBJC_LITERAL_CONVERSION = YES;
				CLANG_WARN_OBJC_ROOT_CLASS = YES_ERROR;
				CLANG_WARN_RANGE_LOOP_ANALYSIS = YES;
				CLANG_WARN_STRICT_PROTOTYPES = YES;
				CLANG_WARN_SUSPICIOUS_MOVE = YES;
				CLANG_WARN_UNGUARDED_AVAILABILITY = YES_AGGRESSIVE;
				CLANG_WARN_UNREACHABLE_CODE = YES;
				CLANG_WARN__DUPLICATE_METHOD_MATCH = YES;
				CODE_SIGN_IDENTITY = "iPhone Developer";
				COPY_PHASE_STRIP = NO;
				DEBUG_INFORMATION_FORMAT = dwarf;
				ENABLE_STRICT_OBJC_MSGSEND = YES;
				ENABLE_TESTABILITY = YES;
				GCC_C_LANGUAGE_STANDARD = gnu11;
				GCC_DYNAMIC_NO_PIC = NO;
				GCC_NO_COMMON_BLOCKS = YES;
				GCC_OPTIMIZATION_LEVEL = 0;
				GCC_PREPROCESSOR_DEFINITIONS = (
					"DEBUG=1",
					"$(inherited)",
				);
				GCC_WARN_64_TO_32_BIT_CONVERSION = YES;
				GCC_WARN_ABOUT_RETURN_TYPE = YES_ERROR;
				GCC_WARN_UNDECLARED_SELECTOR = YES;
				GCC_WARN_UNINITIALIZED_AUTOS = YES_AGGRESSIVE;
				GCC_WARN_UNUSED_FUNCTION = YES;
				GCC_WARN_UNUSED_VARIABLE = YES;
				IPHONEOS_DEPLOYMENT_TARGET = 11.2;
				MTL_ENABLE_DEBUG_INFO = YES;
				ONLY_ACTIVE_ARCH = YES;
				SDKROOT = iphoneos;
				SWIFT_ACTIVE_COMPILATION_CONDITIONS = DEBUG;
				SWIFT_OPTIMIZATION_LEVEL = "-Onone";
			};
			name = Debug;
		};
		A683853B2004A6C0002F0B06 /* Release */ = {
			isa = XCBuildConfiguration;
			buildSettings = {
				ALWAYS_SEARCH_USER_PATHS = NO;
				CLANG_ANALYZER_NONNULL = YES;
				CLANG_ANALYZER_NUMBER_OBJECT_CONVERSION = YES_AGGRESSIVE;
				CLANG_CXX_LANGUAGE_STANDARD = "gnu++14";
				CLANG_CXX_LIBRARY = "libc++";
				CLANG_ENABLE_MODULES = YES;
				CLANG_ENABLE_OBJC_ARC = YES;
				CLANG_WARN_BLOCK_CAPTURE_AUTORELEASING = YES;
				CLANG_WARN_BOOL_CONVERSION = YES;
				CLANG_WARN_COMMA = YES;
				CLANG_WARN_CONSTANT_CONVERSION = YES;
				CLANG_WARN_DIRECT_OBJC_ISA_USAGE = YES_ERROR;
				CLANG_WARN_DOCUMENTATION_COMMENTS = YES;
				CLANG_WARN_EMPTY_BODY = YES;
				CLANG_WARN_ENUM_CONVERSION = YES;
				CLANG_WARN_INFINITE_RECURSION = YES;
				CLANG_WARN_INT_CONVERSION = YES;
				CLANG_WARN_NON_LITERAL_NULL_CONVERSION = YES;
				CLANG_WARN_OBJC_LITERAL_CONVERSION = YES;
				CLANG_WARN_OBJC_ROOT_CLASS = YES_ERROR;
				CLANG_WARN_RANGE_LOOP_ANALYSIS = YES;
				CLANG_WARN_STRICT_PROTOTYPES = YES;
				CLANG_WARN_SUSPICIOUS_MOVE = YES;
				CLANG_WARN_UNGUARDED_AVAILABILITY = YES_AGGRESSIVE;
				CLANG_WARN_UNREACHABLE_CODE = YES;
				CLANG_WARN__DUPLICATE_METHOD_MATCH = YES;
				CODE_SIGN_IDENTITY = "iPhone Developer";
				COPY_PHASE_STRIP = NO;
				DEBUG_INFORMATION_FORMAT = "dwarf-with-dsym";
				ENABLE_NS_ASSERTIONS = NO;
				ENABLE_STRICT_OBJC_MSGSEND = YES;
				GCC_C_LANGUAGE_STANDARD = gnu11;
				GCC_NO_COMMON_BLOCKS = YES;
				GCC_WARN_64_TO_32_BIT_CONVERSION = YES;
				GCC_WARN_ABOUT_RETURN_TYPE = YES_ERROR;
				GCC_WARN_UNDECLARED_SELECTOR = YES;
				GCC_WARN_UNINITIALIZED_AUTOS = YES_AGGRESSIVE;
				GCC_WARN_UNUSED_FUNCTION = YES;
				GCC_WARN_UNUSED_VARIABLE = YES;
				IPHONEOS_DEPLOYMENT_TARGET = 11.2;
				MTL_ENABLE_DEBUG_INFO = NO;
				SDKROOT = iphoneos;
				SWIFT_OPTIMIZATION_LEVEL = "-Owholemodule";
				VALIDATE_PRODUCT = YES;
			};
			name = Release;
		};
		A683853D2004A6C0002F0B06 /* Debug */ = {
			isa = XCBuildConfiguration;
			buildSettings = {
				ASSETCATALOG_COMPILER_APPICON_NAME = AppIcon;
				CODE_SIGN_STYLE = Automatic;
				INFOPLIST_FILE = SwiftMVVM/Info.plist;
				LD_RUNPATH_SEARCH_PATHS = "$(inherited) @executable_path/Frameworks";
				PRODUCT_BUNDLE_IDENTIFIER = com.viewhigh.SwiftMVVM;
				PRODUCT_NAME = "$(TARGET_NAME)";
				SWIFT_VERSION = 4.0;
				TARGETED_DEVICE_FAMILY = "1,2";
			};
			name = Debug;
		};
		A683853E2004A6C0002F0B06 /* Release */ = {
			isa = XCBuildConfiguration;
			buildSettings = {
				ASSETCATALOG_COMPILER_APPICON_NAME = AppIcon;
				CODE_SIGN_STYLE = Automatic;
				INFOPLIST_FILE = SwiftMVVM/Info.plist;
				LD_RUNPATH_SEARCH_PATHS = "$(inherited) @executable_path/Frameworks";
				PRODUCT_BUNDLE_IDENTIFIER = com.viewhigh.SwiftMVVM;
				PRODUCT_NAME = "$(TARGET_NAME)";
				SWIFT_VERSION = 4.0;
				TARGETED_DEVICE_FAMILY = "1,2";
			};
			name = Release;
		};
/* End XCBuildConfiguration section */

/* Begin XCConfigurationList section */
		A68385252004A6C0002F0B06 /* Build configuration list for PBXProject "SwiftMVVM" */ = {
			isa = XCConfigurationList;
			buildConfigurations = (
				A683853A2004A6C0002F0B06 /* Debug */,
				A683853B2004A6C0002F0B06 /* Release */,
			);
			defaultConfigurationIsVisible = 0;
			defaultConfigurationName = Release;
		};
		A683853C2004A6C0002F0B06 /* Build configuration list for PBXNativeTarget "SwiftMVVM" */ = {
			isa = XCConfigurationList;
			buildConfigurations = (
				A683853D2004A6C0002F0B06 /* Debug */,
				A683853E2004A6C0002F0B06 /* Release */,
			);
			defaultConfigurationIsVisible = 0;
			defaultConfigurationName = Release;
		};
/* End XCConfigurationList section */
	};
	rootObject = A68385222004A6C0002F0B06 /* Project object */;
}
