// !$*UTF8*$!
{
	archiveVersion = 1;
	classes = {
	};
	objectVersion = 48;
	objects = {

/* Begin PBXBuildFile section */
		A69A46B61FFB513D004EEA4F /* AppDelegate.swift in Sources */ = {isa = PBXBuildFile; fileRef = A69A46B51FFB513D004EEA4F /* AppDelegate.swift */; };
		A69A46B81FFB513D004EEA4F /* ViewController.swift in Sources */ = {isa = PBXBuildFile; fileRef = A69A46B71FFB513D004EEA4F /* ViewController.swift */; };
		A69A46BB1FFB513D004EEA4F /* Main.storyboard in Resources */ = {isa = PBXBuildFile; fileRef = A69A46B91FFB513D004EEA4F /* Main.storyboard */; };
		A69A46BD1FFB513D004EEA4F /* Assets.xcassets in Resources */ = {isa = PBXBuildFile; fileRef = A69A46BC1FFB513D004EEA4F /* Assets.xcassets */; };
		A69A46C01FFB513D004EEA4F /* LaunchScreen.storyboard in Resources */ = {isa = PBXBuildFile; fileRef = A69A46BE1FFB513D004EEA4F /* LaunchScreen.storyboard */; };
		A69A46C81FFB5363004EEA4F /* CustomCollectionviewModel.swift in Sources */ = {isa = PBXBuildFile; fileRef = A69A46C71FFB5363004EEA4F /* CustomCollectionviewModel.swift */; };
		A69A46CA1FFB57E6004EEA4F /* CustomCollectionViewCell.swift in Sources */ = {isa = PBXBuildFile; fileRef = A69A46C91FFB57E6004EEA4F /* CustomCollectionViewCell.swift */; };
		A69A46CC1FFB580C004EEA4F /* CustomCollectionviewFlowLayout.swift in Sources */ = {isa = PBXBuildFile; fileRef = A69A46CB1FFB580C004EEA4F /* CustomCollectionviewFlowLayout.swift */; };
/* End PBXBuildFile section */

/* Begin PBXFileReference section */
		A69A46B21FFB513D004EEA4F /* SwiftDemo25.app */ = {isa = PBXFileReference; explicitFileType = wrapper.application; includeInIndex = 0; path = SwiftDemo25.app; sourceTree = BUILT_PRODUCTS_DIR; };
		A69A46B51FFB513D004EEA4F /* AppDelegate.swift */ = {isa = PBXFileReference; lastKnownFileType = sourcecode.swift; path = AppDelegate.swift; sourceTree = "<group>"; };
		A69A46B71FFB513D004EEA4F /* ViewController.swift */ = {isa = PBXFileReference; lastKnownFileType = sourcecode.swift; path = ViewController.swift; sourceTree = "<group>"; };
		A69A46BA1FFB513D004EEA4F /* Base */ = {isa = PBXFileReference; lastKnownFileType = file.storyboard; name = Base; path = Base.lproj/Main.storyboard; sourceTree = "<group>"; };
		A69A46BC1FFB513D004EEA4F /* Assets.xcassets */ = {isa = PBXFileReference; lastKnownFileType = folder.assetcatalog; path = Assets.xcassets; sourceTree = "<group>"; };
		A69A46BF1FFB513D004EEA4F /* Base */ = {isa = PBXFileReference; lastKnownFileType = file.storyboard; name = Base; path = Base.lproj/LaunchScreen.storyboard; sourceTree = "<group>"; };
		A69A46C11FFB513D004EEA4F /* Info.plist */ = {isa = PBXFileReference; lastKnownFileType = text.plist.xml; path = Info.plist; sourceTree = "<group>"; };
		A69A46C71FFB5363004EEA4F /* CustomCollectionviewModel.swift */ = {isa = PBXFileReference; lastKnownFileType = sourcecode.swift; path = CustomCollectionviewModel.swift; sourceTree = "<group>"; };
		A69A46C91FFB57E6004EEA4F /* CustomCollectionViewCell.swift */ = {isa = PBXFileReference; lastKnownFileType = sourcecode.swift; path = CustomCollectionViewCell.swift; sourceTree = "<group>"; };
		A69A46CB1FFB580C004EEA4F /* CustomCollectionviewFlowLayout.swift */ = {isa = PBXFileReference; lastKnownFileType = sourcecode.swift; path = CustomCollectionviewFlowLayout.swift; sourceTree = "<group>"; };
/* End PBXFileReference section */

/* Begin PBXFrameworksBuildPhase section */
		A69A46AF1FFB513D004EEA4F /* Frameworks */ = {
			isa = PBXFrameworksBuildPhase;
			buildActionMask = 2147483647;
			files = (
			);
			runOnlyForDeploymentPostprocessing = 0;
		};
/* End PBXFrameworksBuildPhase section */

/* Begin PBXGroup section */
		A69A46A91FFB513D004EEA4F = {
			isa = PBXGroup;
			children = (
				A69A46B41FFB513D004EEA4F /* SwiftDemo25 */,
				A69A46B31FFB513D004EEA4F /* Products */,
			);
			sourceTree = "<group>";
		};
		A69A46B31FFB513D004EEA4F /* Products */ = {
			isa = PBXGroup;
			children = (
				A69A46B21FFB513D004EEA4F /* SwiftDemo25.app */,
			);
			name = Products;
			sourceTree = "<group>";
		};
		A69A46B41FFB513D004EEA4F /* SwiftDemo25 */ = {
			isa = PBXGroup;
			children = (
				A69A46B51FFB513D004EEA4F /* AppDelegate.swift */,
				A69A46B71FFB513D004EEA4F /* ViewController.swift */,
				A69A46C71FFB5363004EEA4F /* CustomCollectionviewModel.swift */,
				A69A46C91FFB57E6004EEA4F /* CustomCollectionViewCell.swift */,
				A69A46CB1FFB580C004EEA4F /* CustomCollectionviewFlowLayout.swift */,
				A69A46B91FFB513D004EEA4F /* Main.storyboard */,
				A69A46BC1FFB513D004EEA4F /* Assets.xcassets */,
				A69A46BE1FFB513D004EEA4F /* LaunchScreen.storyboard */,
				A69A46C11FFB513D004EEA4F /* Info.plist */,
			);
			path = SwiftDemo25;
			sourceTree = "<group>";
		};
/* End PBXGroup section */

/* Begin PBXNativeTarget section */
		A69A46B11FFB513D004EEA4F /* SwiftDemo25 */ = {
			isa = PBXNativeTarget;
			buildConfigurationList = A69A46C41FFB513D004EEA4F /* Build configuration list for PBXNativeTarget "SwiftDemo25" */;
			buildPhases = (
				A69A46AE1FFB513D004EEA4F /* Sources */,
				A69A46AF1FFB513D004EEA4F /* Frameworks */,
				A69A46B01FFB513D004EEA4F /* Resources */,
			);
			buildRules = (
			);
			dependencies = (
			);
			name = SwiftDemo25;
			productName = SwiftDemo25;
			productReference = A69A46B21FFB513D004EEA4F /* SwiftDemo25.app */;
			productType = "com.apple.product-type.application";
		};
/* End PBXNativeTarget section */

/* Begin PBXProject section */
		A69A46AA1FFB513D004EEA4F /* Project object */ = {
			isa = PBXProject;
			attributes = {
				LastSwiftUpdateCheck = 0920;
				LastUpgradeCheck = 0920;
				ORGANIZATIONNAME = viewhigh;
				TargetAttributes = {
					A69A46B11FFB513D004EEA4F = {
						CreatedOnToolsVersion = 9.2;
						ProvisioningStyle = Automatic;
					};
				};
			};
			buildConfigurationList = A69A46AD1FFB513D004EEA4F /* Build configuration list for PBXProject "SwiftDemo25" */;
			compatibilityVersion = "Xcode 8.0";
			developmentRegion = en;
			hasScannedForEncodings = 0;
			knownRegions = (
				en,
				Base,
			);
			mainGroup = A69A46A91FFB513D004EEA4F;
			productRefGroup = A69A46B31FFB513D004EEA4F /* Products */;
			projectDirPath = "";
			projectRoot = "";
			targets = (
				A69A46B11FFB513D004EEA4F /* SwiftDemo25 */,
			);
		};
/* End PBXProject section */

/* Begin PBXResourcesBuildPhase section */
		A69A46B01FFB513D004EEA4F /* Resources */ = {
			isa = PBXResourcesBuildPhase;
			buildActionMask = 2147483647;
			files = (
				A69A46C01FFB513D004EEA4F /* LaunchScreen.storyboard in Resources */,
				A69A46BD1FFB513D004EEA4F /* Assets.xcassets in Resources */,
				A69A46BB1FFB513D004EEA4F /* Main.storyboard in Resources */,
			);
			runOnlyForDeploymentPostprocessing = 0;
		};
/* End PBXResourcesBuildPhase section */

/* Begin PBXSourcesBuildPhase section */
		A69A46AE1FFB513D004EEA4F /* Sources */ = {
			isa = PBXSourcesBuildPhase;
			buildActionMask = 2147483647;
			files = (
				A69A46B81FFB513D004EEA4F /* ViewController.swift in Sources */,
				A69A46B61FFB513D004EEA4F /* AppDelegate.swift in Sources */,
				A69A46C81FFB5363004EEA4F /* CustomCollectionviewModel.swift in Sources */,
				A69A46CA1FFB57E6004EEA4F /* CustomCollectionViewCell.swift in Sources */,
				A69A46CC1FFB580C004EEA4F /* CustomCollectionviewFlowLayout.swift in Sources */,
			);
			runOnlyForDeploymentPostprocessing = 0;
		};
/* End PBXSourcesBuildPhase section */

/* Begin PBXVariantGroup section */
		A69A46B91FFB513D004EEA4F /* Main.storyboard */ = {
			isa = PBXVariantGroup;
			children = (
				A69A46BA1FFB513D004EEA4F /* Base */,
			);
			name = Main.storyboard;
			sourceTree = "<group>";
		};
		A69A46BE1FFB513D004EEA4F /* LaunchScreen.storyboard */ = {
			isa = PBXVariantGroup;
			children = (
				A69A46BF1FFB513D004EEA4F /* Base */,
			);
			name = LaunchScreen.storyboard;
			sourceTree = "<group>";
		};
/* End PBXVariantGroup section */

/* Begin XCBuildConfiguration section */
		A69A46C21FFB513D004EEA4F /* Debug */ = {
			isa = XCBuildConfiguration;
			buildSettings = {
				ALWAYS_SEARCH_USER_PATHS = NO;
				CLANG_ANALYZER_NONNULL = YES;
				CLANG_ANALYZER_NUMBER_OBJECT_CONVERSION = YES_AGGRESSIVE;
				CLANG_CXX_LANGUAGE_STANDARD = "gnu++14";
				CLANG_CXX_LIBRARY = "libc++";
				CLANG_ENABLE_MODULES = YES;
				CLANG_ENABLE_OBJC_ARC = YES;
				CLANG_WARN_BLOCK_CAPTURE_AUTORELEASING = YES;
				CLANG_WARN_BOOL_CONVERSION = YES;
				CLANG_WARN_COMMA = YES;
				CLANG_WARN_CONSTANT_CONVERSION = YES;
				CLANG_WARN_DIRECT_OBJC_ISA_USAGE = YES_ERROR;
				CLANG_WARN_DOCUMENTATION_COMMENTS = YES;
				CLANG_WARN_EMPTY_BODY = YES;
				CLANG_WARN_ENUM_CONVERSION = YES;
				CLANG_WARN_INFINITE_RECURSION = YES;
				CLANG_WARN_INT_CONVERSION = YES;
				CLANG_WARN_NON_LITERAL_NULL_CONVERSION = YES;
				CLANG_WARN_OBJC_LITERAL_CONVERSION = YES;
				CLANG_WARN_OBJC_ROOT_CLASS = YES_ERROR;
				CLANG_WARN_RANGE_LOOP_ANALYSIS = YES;
				CLANG_WARN_STRICT_PROTOTYPES = YES;
				CLANG_WARN_SUSPICIOUS_MOVE = YES;
				CLANG_WARN_UNGUARDED_AVAILABILITY = YES_AGGRESSIVE;
				CLANG_WARN_UNREACHABLE_CODE = YES;
				CLANG_WARN__DUPLICATE_METHOD_MATCH = YES;
				CODE_SIGN_IDENTITY = "iPhone Developer";
				COPY_PHASE_STRIP = NO;
				DEBUG_INFORMATION_FORMAT = dwarf;
				ENABLE_STRICT_OBJC_MSGSEND = YES;
				ENABLE_TESTABILITY = YES;
				GCC_C_LANGUAGE_STANDARD = gnu11;
				GCC_DYNAMIC_NO_PIC = NO;
				GCC_NO_COMMON_BLOCKS = YES;
				GCC_OPTIMIZATION_LEVEL = 0;
				GCC_PREPROCESSOR_DEFINITIONS = (
					"DEBUG=1",
					"$(inherited)",
				);
				GCC_WARN_64_TO_32_BIT_CONVERSION = YES;
				GCC_WARN_ABOUT_RETURN_TYPE = YES_ERROR;
				GCC_WARN_UNDECLARED_SELECTOR = YES;
				GCC_WARN_UNINITIALIZED_AUTOS = YES_AGGRESSIVE;
				GCC_WARN_UNUSED_FUNCTION = YES;
				GCC_WARN_UNUSED_VARIABLE = YES;
				IPHONEOS_DEPLOYMENT_TARGET = 11.2;
				MTL_ENABLE_DEBUG_INFO = YES;
				ONLY_ACTIVE_ARCH = YES;
				SDKROOT = iphoneos;
				SWIFT_ACTIVE_COMPILATION_CONDITIONS = DEBUG;
				SWIFT_OPTIMIZATION_LEVEL = "-Onone";
			};
			name = Debug;
		};
		A69A46C31FFB513D004EEA4F /* Release */ = {
			isa = XCBuildConfiguration;
			buildSettings = {
				ALWAYS_SEARCH_USER_PATHS = NO;
				CLANG_ANALYZER_NONNULL = YES;
				CLANG_ANALYZER_NUMBER_OBJECT_CONVERSION = YES_AGGRESSIVE;
				CLANG_CXX_LANGUAGE_STANDARD = "gnu++14";
				CLANG_CXX_LIBRARY = "libc++";
				CLANG_ENABLE_MODULES = YES;
				CLANG_ENABLE_OBJC_ARC = YES;
				CLANG_WARN_BLOCK_CAPTURE_AUTORELEASING = YES;
				CLANG_WARN_BOOL_CONVERSION = YES;
				CLANG_WARN_COMMA = YES;
				CLANG_WARN_CONSTANT_CONVERSION = YES;
				CLANG_WARN_DIRECT_OBJC_ISA_USAGE = YES_ERROR;
				CLANG_WARN_DOCUMENTATION_COMMENTS = YES;
				CLANG_WARN_EMPTY_BODY = YES;
				CLANG_WARN_ENUM_CONVERSION = YES;
				CLANG_WARN_INFINITE_RECURSION = YES;
				CLANG_WARN_INT_CONVERSION = YES;
				CLANG_WARN_NON_LITERAL_NULL_CONVERSION = YES;
				CLANG_WARN_OBJC_LITERAL_CONVERSION = YES;
				CLANG_WARN_OBJC_ROOT_CLASS = YES_ERROR;
				CLANG_WARN_RANGE_LOOP_ANALYSIS = YES;
				CLANG_WARN_STRICT_PROTOTYPES = YES;
				CLANG_WARN_SUSPICIOUS_MOVE = YES;
				CLANG_WARN_UNGUARDED_AVAILABILITY = YES_AGGRESSIVE;
				CLANG_WARN_UNREACHABLE_CODE = YES;
				CLANG_WARN__DUPLICATE_METHOD_MATCH = YES;
				CODE_SIGN_IDENTITY = "iPhone Developer";
				COPY_PHASE_STRIP = NO;
				DEBUG_INFORMATION_FORMAT = "dwarf-with-dsym";
				ENABLE_NS_ASSERTIONS = NO;
				ENABLE_STRICT_OBJC_MSGSEND = YES;
				GCC_C_LANGUAGE_STANDARD = gnu11;
				GCC_NO_COMMON_BLOCKS = YES;
				GCC_WARN_64_TO_32_BIT_CONVERSION = YES;
				GCC_WARN_ABOUT_RETURN_TYPE = YES_ERROR;
				GCC_WARN_UNDECLARED_SELECTOR = YES;
				GCC_WARN_UNINITIALIZED_AUTOS = YES_AGGRESSIVE;
				GCC_WARN_UNUSED_FUNCTION = YES;
				GCC_WARN_UNUSED_VARIABLE = YES;
				IPHONEOS_DEPLOYMENT_TARGET = 11.2;
				MTL_ENABLE_DEBUG_INFO = NO;
				SDKROOT = iphoneos;
				SWIFT_OPTIMIZATION_LEVEL = "-Owholemodule";
				VALIDATE_PRODUCT = YES;
			};
			name = Release;
		};
		A69A46C51FFB513D004EEA4F /* Debug */ = {
			isa = XCBuildConfiguration;
			buildSettings = {
				ASSETCATALOG_COMPILER_APPICON_NAME = AppIcon;
				CODE_SIGN_STYLE = Automatic;
				INFOPLIST_FILE = SwiftDemo25/Info.plist;
				LD_RUNPATH_SEARCH_PATHS = "$(inherited) @executable_path/Frameworks";
				PRODUCT_BUNDLE_IDENTIFIER = com.viewhigh.SwiftDemo25;
				PRODUCT_NAME = "$(TARGET_NAME)";
				SWIFT_VERSION = 4.0;
				TARGETED_DEVICE_FAMILY = "1,2";
			};
			name = Debug;
		};
		A69A46C61FFB513D004EEA4F /* Release */ = {
			isa = XCBuildConfiguration;
			buildSettings = {
				ASSETCATALOG_COMPILER_APPICON_NAME = AppIcon;
				CODE_SIGN_STYLE = Automatic;
				INFOPLIST_FILE = SwiftDemo25/Info.plist;
				LD_RUNPATH_SEARCH_PATHS = "$(inherited) @executable_path/Frameworks";
				PRODUCT_BUNDLE_IDENTIFIER = com.viewhigh.SwiftDemo25;
				PRODUCT_NAME = "$(TARGET_NAME)";
				SWIFT_VERSION = 4.0;
				TARGETED_DEVICE_FAMILY = "1,2";
			};
			name = Release;
		};
/* End XCBuildConfiguration section */

/* Begin XCConfigurationList section */
		A69A46AD1FFB513D004EEA4F /* Build configuration list for PBXProject "SwiftDemo25" */ = {
			isa = XCConfigurationList;
			buildConfigurations = (
				A69A46C21FFB513D004EEA4F /* Debug */,
				A69A46C31FFB513D004EEA4F /* Release */,
			);
			defaultConfigurationIsVisible = 0;
			defaultConfigurationName = Release;
		};
		A69A46C41FFB513D004EEA4F /* Build configuration list for PBXNativeTarget "SwiftDemo25" */ = {
			isa = XCConfigurationList;
			buildConfigurations = (
				A69A46C51FFB513D004EEA4F /* Debug */,
				A69A46C61FFB513D004EEA4F /* Release */,
			);
			defaultConfigurationIsVisible = 0;
			defaultConfigurationName = Release;
		};
/* End XCConfigurationList section */
	};
	rootObject = A69A46AA1FFB513D004EEA4F /* Project object */;
}
